
Microsoft Visual Studio Solution File, Format Version 12.00
# Visual Studio Version 17
VisualStudioVersion = 17.0.31815.197
MinimumVisualStudioVersion = 10.0.40219.1
Project("{2150E333-8FDC-42A3-9474-1A3956D46DE8}") = "Solution Items", "Solution Items", "{2C55092F-8CC4-4B8B-8863-C54C679C4C8C}"
EndProject
Project("{9A19103F-16F7-4668-BE54-9A1E7A4F7556}") = "DIConcreteTypes", "..\..\..\DIConcreteTypes\DIConcreteTypes.csproj", "{5BF90885-D1F4-4AAF-9240-AB64377A5518}"
EndProject
Project("{9A19103F-16F7-4668-BE54-9A1E7A4F7556}") = "Hosts.FunctionBase", "..\..\..\Hosts.FunctionBase\Hosts.FunctionBase.csproj", "{0FEABC16-9CE5-4536-BA1C-F3FD9AC368ED}"
EndProject
Project("{9A19103F-16F7-4668-BE54-9A1E7A4F7556}") = "Repositories.Contracts", "..\..\..\Repositories.Contracts\Repositories.Contracts.csproj", "{B40B0BC8-E11A-4AE1-8142-5F2372E2EB7D}"
EndProject
Project("{9A19103F-16F7-4668-BE54-9A1E7A4F7556}") = "Repositories.Logging", "..\..\..\Repositories.Logging\Repositories.Logging.csproj", "{8B65673E-D32C-4B79-85E4-01196B2A9E7E}"
EndProject
Project("{9A19103F-16F7-4668-BE54-9A1E7A4F7556}") = "Services.Notifier", "..\Services.Notifier\Services.Notifier.csproj", "{E884F60C-224D-48B1-B070-D8CEABBA1C53}"
EndProject
Project("{9A19103F-16F7-4668-BE54-9A1E7A4F7556}") = "Services.Notifier.Tests", "..\Services.Notifier.Tests\Services.Notifier.Tests.csproj", "{08C337C1-DE5C-4942-9E6E-6E752B8474F5}"
EndProject
Project("{9A19103F-16F7-4668-BE54-9A1E7A4F7556}") = "Notifier", "Notifier.csproj", "{10C89227-9228-4E8C-8988-CBDE10FE75B1}"
EndProject
Project("{9A19103F-16F7-4668-BE54-9A1E7A4F7556}") = "Services.Notifier.Contracts", "..\Services.Notifier.Contracts\Services.Notifier.Contracts.csproj", "{1162EFAE-7719-4BF7-A35F-D5D9D561F06A}"
EndProject
Project("{9A19103F-16F7-4668-BE54-9A1E7A4F7556}") = "Repositories.Localization", "..\..\..\Repositories.Localization\Repositories.Localization.csproj", "{8A9415C3-10BC-4450-B0D8-E77888E79C67}"
EndProject
Project("{9A19103F-16F7-4668-BE54-9A1E7A4F7556}") = "Entities", "..\..\..\Entities\Entities.csproj", "{D8414FBF-6A61-4B5D-A727-2EF82C683A2F}"
EndProject
Project("{9A19103F-16F7-4668-BE54-9A1E7A4F7556}") = "Common.DependencyInjection", "..\..\..\Common.DependencyInjection\Common.DependencyInjection.csproj", "{DB696D98-A5C8-42E5-8A95-9C609C0701AA}"
EndProject
Project("{9A19103F-16F7-4668-BE54-9A1E7A4F7556}") = "Repositories.Mail", "..\..\..\Repositories.Mail\Repositories.Mail.csproj", "{C361FB18-4965-43C4-98FA-8A9CE466A29F}"
EndProject
Project("{9A19103F-16F7-4668-BE54-9A1E7A4F7556}") = "Models", "..\..\..\Models\Models.csproj", "{6A1A20D0-25FB-41E5-AA43-19D3DDA9A9F1}"
EndProject
Project("{9A19103F-16F7-4668-BE54-9A1E7A4F7556}") = "Repositories.NotificationRepository", "..\..\..\Repositories.Notifications\Repositories.NotificationRepository.csproj", "{4EEB09A8-A1CF-4A50-ACD7-FC4EB406E59B}"
EndProject
Project("{9A19103F-16F7-4668-BE54-9A1E7A4F7556}") = "Repositories.GraphAzureADGroups", "..\..\..\Repositories.GraphGroups\Repositories.GraphAzureADGroups.csproj", "{0C9234E0-1E3A-46C9-A4C2-3766F0992AAE}"
EndProject
Project("{9A19103F-16F7-4668-BE54-9A1E7A4F7556}") = "Services.Contracts", "..\..\..\Services.Contracts\Services.Contracts.csproj", "{B7AAC356-FF19-4BF7-8EE0-4FEFED95ADB3}"
EndProject
Project("{9A19103F-16F7-4668-BE54-9A1E7A4F7556}") = "Services.Notifications", "..\..\..\Services.Notifications\Services.Notifications.csproj", "{D631037A-CD3E-44A7-B0FA-6E8949E0E84C}"
EndProject
Project("{9A19103F-16F7-4668-BE54-9A1E7A4F7556}") = "Repositories.Notifications.Tests", "..\..\..\Repositories.Notifications.Tests\Repositories.Notifications.Tests.csproj", "{4E5DD232-118A-4010-8A07-5100929C07FE}"
EndProject
Project("{9A19103F-16F7-4668-BE54-9A1E7A4F7556}") = "Repositories.Mocks", "..\..\..\Repositories.Mocks\Repositories.Mocks.csproj", "{731CA9A5-9E74-4478-A6AC-D0A4353BC425}"
EndProject
Project("{9A19103F-16F7-4668-BE54-9A1E7A4F7556}") = "Repositories.EntityFramework", "..\..\..\Repositories.EntityFramework\Repositories.EntityFramework.csproj", "{236881E9-0396-4F3E-9F6E-2CD69EE57816}"
EndProject
Project("{9A19103F-16F7-4668-BE54-9A1E7A4F7556}") = "SqlMembershipObtainer.Entities", "..\..\SqlMembershipObtainer.Common\SqlMembershipObtainer.Entities\SqlMembershipObtainer.Entities.csproj", "{4A9A81B8-E0BF-4668-B9AA-19973460BF43}"
EndProject
Project("{9A19103F-16F7-4668-BE54-9A1E7A4F7556}") = "Repositories.EntityFramework.Contexts", "..\..\..\Repositories.EntityFramework.Contexts\Repositories.EntityFramework.Contexts.csproj", "{7C059CC4-6093-463B-981F-EF73D73E371A}"
EndProject
Global
	GlobalSection(SolutionConfigurationPlatforms) = preSolution
		Debug|Any CPU = Debug|Any CPU
		Release|Any CPU = Release|Any CPU
	EndGlobalSection
	GlobalSection(ProjectConfigurationPlatforms) = postSolution
		{5BF90885-D1F4-4AAF-9240-AB64377A5518}.Debug|Any CPU.ActiveCfg = Debug|Any CPU
		{5BF90885-D1F4-4AAF-9240-AB64377A5518}.Debug|Any CPU.Build.0 = Debug|Any CPU
		{5BF90885-D1F4-4AAF-9240-AB64377A5518}.Release|Any CPU.ActiveCfg = Release|Any CPU
		{5BF90885-D1F4-4AAF-9240-AB64377A5518}.Release|Any CPU.Build.0 = Release|Any CPU
		{0FEABC16-9CE5-4536-BA1C-F3FD9AC368ED}.Debug|Any CPU.ActiveCfg = Debug|Any CPU
		{0FEABC16-9CE5-4536-BA1C-F3FD9AC368ED}.Debug|Any CPU.Build.0 = Debug|Any CPU
		{0FEABC16-9CE5-4536-BA1C-F3FD9AC368ED}.Release|Any CPU.ActiveCfg = Release|Any CPU
		{0FEABC16-9CE5-4536-BA1C-F3FD9AC368ED}.Release|Any CPU.Build.0 = Release|Any CPU
		{B40B0BC8-E11A-4AE1-8142-5F2372E2EB7D}.Debug|Any CPU.ActiveCfg = Debug|Any CPU
		{B40B0BC8-E11A-4AE1-8142-5F2372E2EB7D}.Debug|Any CPU.Build.0 = Debug|Any CPU
		{B40B0BC8-E11A-4AE1-8142-5F2372E2EB7D}.Release|Any CPU.ActiveCfg = Release|Any CPU
		{B40B0BC8-E11A-4AE1-8142-5F2372E2EB7D}.Release|Any CPU.Build.0 = Release|Any CPU
		{8B65673E-D32C-4B79-85E4-01196B2A9E7E}.Debug|Any CPU.ActiveCfg = Debug|Any CPU
		{8B65673E-D32C-4B79-85E4-01196B2A9E7E}.Debug|Any CPU.Build.0 = Debug|Any CPU
		{8B65673E-D32C-4B79-85E4-01196B2A9E7E}.Release|Any CPU.ActiveCfg = Release|Any CPU
		{8B65673E-D32C-4B79-85E4-01196B2A9E7E}.Release|Any CPU.Build.0 = Release|Any CPU
		{E884F60C-224D-48B1-B070-D8CEABBA1C53}.Debug|Any CPU.ActiveCfg = Debug|Any CPU
		{E884F60C-224D-48B1-B070-D8CEABBA1C53}.Debug|Any CPU.Build.0 = Debug|Any CPU
		{E884F60C-224D-48B1-B070-D8CEABBA1C53}.Release|Any CPU.ActiveCfg = Release|Any CPU
		{E884F60C-224D-48B1-B070-D8CEABBA1C53}.Release|Any CPU.Build.0 = Release|Any CPU
		{08C337C1-DE5C-4942-9E6E-6E752B8474F5}.Debug|Any CPU.ActiveCfg = Debug|Any CPU
		{08C337C1-DE5C-4942-9E6E-6E752B8474F5}.Debug|Any CPU.Build.0 = Debug|Any CPU
		{08C337C1-DE5C-4942-9E6E-6E752B8474F5}.Release|Any CPU.ActiveCfg = Release|Any CPU
		{08C337C1-DE5C-4942-9E6E-6E752B8474F5}.Release|Any CPU.Build.0 = Release|Any CPU
		{10C89227-9228-4E8C-8988-CBDE10FE75B1}.Debug|Any CPU.ActiveCfg = Debug|Any CPU
		{10C89227-9228-4E8C-8988-CBDE10FE75B1}.Debug|Any CPU.Build.0 = Debug|Any CPU
		{10C89227-9228-4E8C-8988-CBDE10FE75B1}.Release|Any CPU.ActiveCfg = Release|Any CPU
		{10C89227-9228-4E8C-8988-CBDE10FE75B1}.Release|Any CPU.Build.0 = Release|Any CPU
		{1162EFAE-7719-4BF7-A35F-D5D9D561F06A}.Debug|Any CPU.ActiveCfg = Debug|Any CPU
		{1162EFAE-7719-4BF7-A35F-D5D9D561F06A}.Debug|Any CPU.Build.0 = Debug|Any CPU
		{1162EFAE-7719-4BF7-A35F-D5D9D561F06A}.Release|Any CPU.ActiveCfg = Release|Any CPU
		{1162EFAE-7719-4BF7-A35F-D5D9D561F06A}.Release|Any CPU.Build.0 = Release|Any CPU
		{8A9415C3-10BC-4450-B0D8-E77888E79C67}.Debug|Any CPU.ActiveCfg = Debug|Any CPU
		{8A9415C3-10BC-4450-B0D8-E77888E79C67}.Debug|Any CPU.Build.0 = Debug|Any CPU
		{8A9415C3-10BC-4450-B0D8-E77888E79C67}.Release|Any CPU.ActiveCfg = Release|Any CPU
		{8A9415C3-10BC-4450-B0D8-E77888E79C67}.Release|Any CPU.Build.0 = Release|Any CPU
		{D8414FBF-6A61-4B5D-A727-2EF82C683A2F}.Debug|Any CPU.ActiveCfg = Debug|Any CPU
		{D8414FBF-6A61-4B5D-A727-2EF82C683A2F}.Debug|Any CPU.Build.0 = Debug|Any CPU
		{D8414FBF-6A61-4B5D-A727-2EF82C683A2F}.Release|Any CPU.ActiveCfg = Release|Any CPU
		{D8414FBF-6A61-4B5D-A727-2EF82C683A2F}.Release|Any CPU.Build.0 = Release|Any CPU
		{DB696D98-A5C8-42E5-8A95-9C609C0701AA}.Debug|Any CPU.ActiveCfg = Debug|Any CPU
		{DB696D98-A5C8-42E5-8A95-9C609C0701AA}.Debug|Any CPU.Build.0 = Debug|Any CPU
		{DB696D98-A5C8-42E5-8A95-9C609C0701AA}.Release|Any CPU.ActiveCfg = Release|Any CPU
		{DB696D98-A5C8-42E5-8A95-9C609C0701AA}.Release|Any CPU.Build.0 = Release|Any CPU
		{C361FB18-4965-43C4-98FA-8A9CE466A29F}.Debug|Any CPU.ActiveCfg = Debug|Any CPU
		{C361FB18-4965-43C4-98FA-8A9CE466A29F}.Debug|Any CPU.Build.0 = Debug|Any CPU
		{C361FB18-4965-43C4-98FA-8A9CE466A29F}.Release|Any CPU.ActiveCfg = Release|Any CPU
		{C361FB18-4965-43C4-98FA-8A9CE466A29F}.Release|Any CPU.Build.0 = Release|Any CPU
		{6A1A20D0-25FB-41E5-AA43-19D3DDA9A9F1}.Debug|Any CPU.ActiveCfg = Debug|Any CPU
		{6A1A20D0-25FB-41E5-AA43-19D3DDA9A9F1}.Debug|Any CPU.Build.0 = Debug|Any CPU
		{6A1A20D0-25FB-41E5-AA43-19D3DDA9A9F1}.Release|Any CPU.ActiveCfg = Release|Any CPU
		{6A1A20D0-25FB-41E5-AA43-19D3DDA9A9F1}.Release|Any CPU.Build.0 = Release|Any CPU
		{4EEB09A8-A1CF-4A50-ACD7-FC4EB406E59B}.Debug|Any CPU.ActiveCfg = Debug|Any CPU
		{4EEB09A8-A1CF-4A50-ACD7-FC4EB406E59B}.Debug|Any CPU.Build.0 = Debug|Any CPU
		{4EEB09A8-A1CF-4A50-ACD7-FC4EB406E59B}.Release|Any CPU.ActiveCfg = Release|Any CPU
		{4EEB09A8-A1CF-4A50-ACD7-FC4EB406E59B}.Release|Any CPU.Build.0 = Release|Any CPU
		{0C9234E0-1E3A-46C9-A4C2-3766F0992AAE}.Debug|Any CPU.ActiveCfg = Debug|Any CPU
		{0C9234E0-1E3A-46C9-A4C2-3766F0992AAE}.Debug|Any CPU.Build.0 = Debug|Any CPU
		{0C9234E0-1E3A-46C9-A4C2-3766F0992AAE}.Release|Any CPU.ActiveCfg = Release|Any CPU
		{0C9234E0-1E3A-46C9-A4C2-3766F0992AAE}.Release|Any CPU.Build.0 = Release|Any CPU
		{B7AAC356-FF19-4BF7-8EE0-4FEFED95ADB3}.Debug|Any CPU.ActiveCfg = Debug|Any CPU
		{B7AAC356-FF19-4BF7-8EE0-4FEFED95ADB3}.Debug|Any CPU.Build.0 = Debug|Any CPU
		{B7AAC356-FF19-4BF7-8EE0-4FEFED95ADB3}.Release|Any CPU.ActiveCfg = Release|Any CPU
		{B7AAC356-FF19-4BF7-8EE0-4FEFED95ADB3}.Release|Any CPU.Build.0 = Release|Any CPU
		{D631037A-CD3E-44A7-B0FA-6E8949E0E84C}.Debug|Any CPU.ActiveCfg = Debug|Any CPU
		{D631037A-CD3E-44A7-B0FA-6E8949E0E84C}.Debug|Any CPU.Build.0 = Debug|Any CPU
		{D631037A-CD3E-44A7-B0FA-6E8949E0E84C}.Release|Any CPU.ActiveCfg = Release|Any CPU
		{D631037A-CD3E-44A7-B0FA-6E8949E0E84C}.Release|Any CPU.Build.0 = Release|Any CPU
		{4E5DD232-118A-4010-8A07-5100929C07FE}.Debug|Any CPU.ActiveCfg = Debug|Any CPU
		{4E5DD232-118A-4010-8A07-5100929C07FE}.Debug|Any CPU.Build.0 = Debug|Any CPU
		{4E5DD232-118A-4010-8A07-5100929C07FE}.Release|Any CPU.ActiveCfg = Release|Any CPU
		{4E5DD232-118A-4010-8A07-5100929C07FE}.Release|Any CPU.Build.0 = Release|Any CPU
		{731CA9A5-9E74-4478-A6AC-D0A4353BC425}.Debug|Any CPU.ActiveCfg = Debug|Any CPU
		{731CA9A5-9E74-4478-A6AC-D0A4353BC425}.Debug|Any CPU.Build.0 = Debug|Any CPU
		{731CA9A5-9E74-4478-A6AC-D0A4353BC425}.Release|Any CPU.ActiveCfg = Release|Any CPU
		{731CA9A5-9E74-4478-A6AC-D0A4353BC425}.Release|Any CPU.Build.0 = Release|Any CPU
		{236881E9-0396-4F3E-9F6E-2CD69EE57816}.Debug|Any CPU.ActiveCfg = Debug|Any CPU
		{236881E9-0396-4F3E-9F6E-2CD69EE57816}.Debug|Any CPU.Build.0 = Debug|Any CPU
		{236881E9-0396-4F3E-9F6E-2CD69EE57816}.Release|Any CPU.ActiveCfg = Release|Any CPU
		{236881E9-0396-4F3E-9F6E-2CD69EE57816}.Release|Any CPU.Build.0 = Release|Any CPU
		{4A9A81B8-E0BF-4668-B9AA-19973460BF43}.Debug|Any CPU.ActiveCfg = Debug|Any CPU
		{4A9A81B8-E0BF-4668-B9AA-19973460BF43}.Debug|Any CPU.Build.0 = Debug|Any CPU
		{4A9A81B8-E0BF-4668-B9AA-19973460BF43}.Release|Any CPU.ActiveCfg = Release|Any CPU
		{4A9A81B8-E0BF-4668-B9AA-19973460BF43}.Release|Any CPU.Build.0 = Release|Any CPU
		{7C059CC4-6093-463B-981F-EF73D73E371A}.Debug|Any CPU.ActiveCfg = Debug|Any CPU
		{7C059CC4-6093-463B-981F-EF73D73E371A}.Debug|Any CPU.Build.0 = Debug|Any CPU
		{7C059CC4-6093-463B-981F-EF73D73E371A}.Release|Any CPU.ActiveCfg = Release|Any CPU
		{7C059CC4-6093-463B-981F-EF73D73E371A}.Release|Any CPU.Build.0 = Release|Any CPU
	EndGlobalSection
	GlobalSection(SolutionProperties) = preSolution
		HideSolutionNode = FALSE
	EndGlobalSection
	GlobalSection(ExtensibilityGlobals) = postSolution
		SolutionGuid = {6DDD517A-48CB-4FF1-82D6-ED65F281CF7E}
	EndGlobalSection
EndGlobal
