
Microsoft Visual Studio Solution File, Format Version 12.00
# Visual Studio Version 16
VisualStudioVersion = 16.0.30323.103
MinimumVisualStudioVersion = 10.0.40219.1
Project("{9A19103F-16F7-4668-BE54-9A1E7A4F7556}") = "SecurityGroup", "SecurityGroup.csproj", "{86C5EDA9-0EE7-4188-8C67-13F8B1D57090}"
EndProject
Project("{9A19103F-16F7-4668-BE54-9A1E7A4F7556}") = "Common.DependencyInjection", "..\..\..\Common.DependencyInjection\Common.DependencyInjection.csproj", "{18411760-6B31-4C29-8B79-36DF572694E3}"
EndProject
Project("{9A19103F-16F7-4668-BE54-9A1E7A4F7556}") = "Repositories.Contracts", "..\..\..\Repositories.Contracts\Repositories.Contracts.csproj", "{3A3F08B0-A2EA-4AB2-8A29-EECB9F21948D}"
EndProject
Project("{9A19103F-16F7-4668-BE54-9A1E7A4F7556}") = "Repositories.ServiceBusQueue", "..\..\..\Repositories.ServiceBusQueue\Repositories.ServiceBusQueue.csproj", "{FD7D6DFD-F785-464D-9B5E-94D9BCDE5883}"
EndProject
Project("{9A19103F-16F7-4668-BE54-9A1E7A4F7556}") = "Entities", "..\..\..\Entities\Entities.csproj", "{1BFC70CD-FD28-479F-8384-6FE1C7A4EFFD}"
EndProject
Project("{9A19103F-16F7-4668-BE54-9A1E7A4F7556}") = "Repositories.GraphAzureADGroups", "..\..\..\Repositories.GraphGroups\Repositories.GraphAzureADGroups.csproj", "{691BFA35-F289-48E8-B443-1D67A4650506}"
EndProject
Project("{9A19103F-16F7-4668-BE54-9A1E7A4F7556}") = "Tests.Services", "..\Services.Tests\Tests.Services.csproj", "{D495D4A3-0122-4641-918E-E930AECBE4F1}"
EndProject
Project("{9A19103F-16F7-4668-BE54-9A1E7A4F7556}") = "SecurityGroupService", "..\Services\SecurityGroupService\SecurityGroupService.csproj", "{89192A60-B8F0-480D-A756-02A56BF8B1B4}"
EndProject
Project("{9A19103F-16F7-4668-BE54-9A1E7A4F7556}") = "Repositories.Logging", "..\..\..\Repositories.Logging\Repositories.Logging.csproj", "{E28452BB-67A4-4781-AC79-DB1C9CF2A7CA}"
EndProject
Project("{9A19103F-16F7-4668-BE54-9A1E7A4F7556}") = "DIConcreteTypes", "..\..\..\DIConcreteTypes\DIConcreteTypes.csproj", "{07791FB7-93E9-4D73-8A4C-1E1E514C05B3}"
EndProject
Global
	GlobalSection(SolutionConfigurationPlatforms) = preSolution
		Debug|Any CPU = Debug|Any CPU
		Release|Any CPU = Release|Any CPU
	EndGlobalSection
	GlobalSection(ProjectConfigurationPlatforms) = postSolution
		{86C5EDA9-0EE7-4188-8C67-13F8B1D57090}.Debug|Any CPU.ActiveCfg = Debug|Any CPU
		{86C5EDA9-0EE7-4188-8C67-13F8B1D57090}.Debug|Any CPU.Build.0 = Debug|Any CPU
		{86C5EDA9-0EE7-4188-8C67-13F8B1D57090}.Release|Any CPU.ActiveCfg = Release|Any CPU
		{86C5EDA9-0EE7-4188-8C67-13F8B1D57090}.Release|Any CPU.Build.0 = Release|Any CPU
		{18411760-6B31-4C29-8B79-36DF572694E3}.Debug|Any CPU.ActiveCfg = Debug|Any CPU
		{18411760-6B31-4C29-8B79-36DF572694E3}.Debug|Any CPU.Build.0 = Debug|Any CPU
		{18411760-6B31-4C29-8B79-36DF572694E3}.Release|Any CPU.ActiveCfg = Release|Any CPU
		{18411760-6B31-4C29-8B79-36DF572694E3}.Release|Any CPU.Build.0 = Release|Any CPU
		{3A3F08B0-A2EA-4AB2-8A29-EECB9F21948D}.Debug|Any CPU.ActiveCfg = Debug|Any CPU
		{3A3F08B0-A2EA-4AB2-8A29-EECB9F21948D}.Debug|Any CPU.Build.0 = Debug|Any CPU
		{3A3F08B0-A2EA-4AB2-8A29-EECB9F21948D}.Release|Any CPU.ActiveCfg = Release|Any CPU
		{3A3F08B0-A2EA-4AB2-8A29-EECB9F21948D}.Release|Any CPU.Build.0 = Release|Any CPU
		{FD7D6DFD-F785-464D-9B5E-94D9BCDE5883}.Debug|Any CPU.ActiveCfg = Debug|Any CPU
		{FD7D6DFD-F785-464D-9B5E-94D9BCDE5883}.Debug|Any CPU.Build.0 = Debug|Any CPU
		{FD7D6DFD-F785-464D-9B5E-94D9BCDE5883}.Release|Any CPU.ActiveCfg = Release|Any CPU
		{FD7D6DFD-F785-464D-9B5E-94D9BCDE5883}.Release|Any CPU.Build.0 = Release|Any CPU
		{1BFC70CD-FD28-479F-8384-6FE1C7A4EFFD}.Debug|Any CPU.ActiveCfg = Debug|Any CPU
		{1BFC70CD-FD28-479F-8384-6FE1C7A4EFFD}.Debug|Any CPU.Build.0 = Debug|Any CPU
		{1BFC70CD-FD28-479F-8384-6FE1C7A4EFFD}.Release|Any CPU.ActiveCfg = Release|Any CPU
		{1BFC70CD-FD28-479F-8384-6FE1C7A4EFFD}.Release|Any CPU.Build.0 = Release|Any CPU
		{691BFA35-F289-48E8-B443-1D67A4650506}.Debug|Any CPU.ActiveCfg = Debug|Any CPU
		{691BFA35-F289-48E8-B443-1D67A4650506}.Debug|Any CPU.Build.0 = Debug|Any CPU
		{691BFA35-F289-48E8-B443-1D67A4650506}.Release|Any CPU.ActiveCfg = Release|Any CPU
		{691BFA35-F289-48E8-B443-1D67A4650506}.Release|Any CPU.Build.0 = Release|Any CPU
		{D495D4A3-0122-4641-918E-E930AECBE4F1}.Debug|Any CPU.ActiveCfg = Debug|Any CPU
		{D495D4A3-0122-4641-918E-E930AECBE4F1}.Debug|Any CPU.Build.0 = Debug|Any CPU
		{D495D4A3-0122-4641-918E-E930AECBE4F1}.Release|Any CPU.ActiveCfg = Release|Any CPU
		{D495D4A3-0122-4641-918E-E930AECBE4F1}.Release|Any CPU.Build.0 = Release|Any CPU
		{89192A60-B8F0-480D-A756-02A56BF8B1B4}.Debug|Any CPU.ActiveCfg = Debug|Any CPU
		{89192A60-B8F0-480D-A756-02A56BF8B1B4}.Debug|Any CPU.Build.0 = Debug|Any CPU
		{89192A60-B8F0-480D-A756-02A56BF8B1B4}.Release|Any CPU.ActiveCfg = Release|Any CPU
		{89192A60-B8F0-480D-A756-02A56BF8B1B4}.Release|Any CPU.Build.0 = Release|Any CPU
		{E28452BB-67A4-4781-AC79-DB1C9CF2A7CA}.Debug|Any CPU.ActiveCfg = Debug|Any CPU
		{E28452BB-67A4-4781-AC79-DB1C9CF2A7CA}.Debug|Any CPU.Build.0 = Debug|Any CPU
		{E28452BB-67A4-4781-AC79-DB1C9CF2A7CA}.Release|Any CPU.ActiveCfg = Release|Any CPU
		{E28452BB-67A4-4781-AC79-DB1C9CF2A7CA}.Release|Any CPU.Build.0 = Release|Any CPU
		{07791FB7-93E9-4D73-8A4C-1E1E514C05B3}.Debug|Any CPU.ActiveCfg = Debug|Any CPU
		{07791FB7-93E9-4D73-8A4C-1E1E514C05B3}.Debug|Any CPU.Build.0 = Debug|Any CPU
		{07791FB7-93E9-4D73-8A4C-1E1E514C05B3}.Release|Any CPU.ActiveCfg = Release|Any CPU
		{07791FB7-93E9-4D73-8A4C-1E1E514C05B3}.Release|Any CPU.Build.0 = Release|Any CPU
	EndGlobalSection
	GlobalSection(SolutionProperties) = preSolution
		HideSolutionNode = FALSE
	EndGlobalSection
	GlobalSection(ExtensibilityGlobals) = postSolution
		SolutionGuid = {B12D8D4F-3F70-4C83-B9A5-FD75AF5B1115}
	EndGlobalSection
EndGlobal
