
Microsoft Visual Studio Solution File, Format Version 12.00
# Visual Studio Version 16
VisualStudioVersion = 16.0.30704.19
MinimumVisualStudioVersion = 10.0.40219.1
Project("{9A19103F-16F7-4668-BE54-9A1E7A4F7556}") = "CircularGroupChecker", "CircularGroupChecker.csproj", "{FACA5D80-CD1C-42F7-8CB8-2F1B6D4D4487}"
EndProject
Project("{9A19103F-16F7-4668-BE54-9A1E7A4F7556}") = "Entities", "..\..\..\Entities\Entities.csproj", "{E559EF04-9393-4A14-A96C-BD5DD48DB3C8}"
EndProject
Project("{9A19103F-16F7-4668-BE54-9A1E7A4F7556}") = "Repositories.Contracts", "..\..\..\Repositories.Contracts\Repositories.Contracts.csproj", "{963C0BF9-AC35-48CA-8427-FAE51CA83F0D}"
EndProject
Project("{9A19103F-16F7-4668-BE54-9A1E7A4F7556}") = "Repositories.GraphAzureADGroups", "..\..\..\Repositories.GraphGroups\Repositories.GraphAzureADGroups.csproj", "{91346E8F-368A-4442-BC3B-1328E235069A}"
EndProject
Project("{9A19103F-16F7-4668-BE54-9A1E7A4F7556}") = "Repositories.SecurityGroupCrawler", "..\..\..\Repositories.SecurityGroupCrawler\Repositories.SecurityGroupCrawler.csproj", "{1651BDA0-9729-441E-BAF0-2AC16393857B}"
EndProject
Global
	GlobalSection(SolutionConfigurationPlatforms) = preSolution
		Debug|Any CPU = Debug|Any CPU
		Release|Any CPU = Release|Any CPU
	EndGlobalSection
	GlobalSection(ProjectConfigurationPlatforms) = postSolution
		{FACA5D80-CD1C-42F7-8CB8-2F1B6D4D4487}.Debug|Any CPU.ActiveCfg = Debug|Any CPU
		{FACA5D80-CD1C-42F7-8CB8-2F1B6D4D4487}.Debug|Any CPU.Build.0 = Debug|Any CPU
		{FACA5D80-CD1C-42F7-8CB8-2F1B6D4D4487}.Release|Any CPU.ActiveCfg = Release|Any CPU
		{FACA5D80-CD1C-42F7-8CB8-2F1B6D4D4487}.Release|Any CPU.Build.0 = Release|Any CPU
		{E559EF04-9393-4A14-A96C-BD5DD48DB3C8}.Debug|Any CPU.ActiveCfg = Debug|Any CPU
		{E559EF04-9393-4A14-A96C-BD5DD48DB3C8}.Debug|Any CPU.Build.0 = Debug|Any CPU
		{E559EF04-9393-4A14-A96C-BD5DD48DB3C8}.Release|Any CPU.ActiveCfg = Release|Any CPU
		{E559EF04-9393-4A14-A96C-BD5DD48DB3C8}.Release|Any CPU.Build.0 = Release|Any CPU
		{963C0BF9-AC35-48CA-8427-FAE51CA83F0D}.Debug|Any CPU.ActiveCfg = Debug|Any CPU
		{963C0BF9-AC35-48CA-8427-FAE51CA83F0D}.Debug|Any CPU.Build.0 = Debug|Any CPU
		{963C0BF9-AC35-48CA-8427-FAE51CA83F0D}.Release|Any CPU.ActiveCfg = Release|Any CPU
		{963C0BF9-AC35-48CA-8427-FAE51CA83F0D}.Release|Any CPU.Build.0 = Release|Any CPU
		{91346E8F-368A-4442-BC3B-1328E235069A}.Debug|Any CPU.ActiveCfg = Debug|Any CPU
		{91346E8F-368A-4442-BC3B-1328E235069A}.Debug|Any CPU.Build.0 = Debug|Any CPU
		{91346E8F-368A-4442-BC3B-1328E235069A}.Release|Any CPU.ActiveCfg = Release|Any CPU
		{91346E8F-368A-4442-BC3B-1328E235069A}.Release|Any CPU.Build.0 = Release|Any CPU
		{1651BDA0-9729-441E-BAF0-2AC16393857B}.Debug|Any CPU.ActiveCfg = Debug|Any CPU
		{1651BDA0-9729-441E-BAF0-2AC16393857B}.Debug|Any CPU.Build.0 = Debug|Any CPU
		{1651BDA0-9729-441E-BAF0-2AC16393857B}.Release|Any CPU.ActiveCfg = Release|Any CPU
		{1651BDA0-9729-441E-BAF0-2AC16393857B}.Release|Any CPU.Build.0 = Release|Any CPU
	EndGlobalSection
	GlobalSection(SolutionProperties) = preSolution
		HideSolutionNode = FALSE
	EndGlobalSection
	GlobalSection(ExtensibilityGlobals) = postSolution
		SolutionGuid = {29704BE7-3FDC-4FF9-924D-806341A2EA52}
	EndGlobalSection
EndGlobal
