Microsoft Visual Studio Solution File, Format Version 12.00
# Visual Studio Version 17
VisualStudioVersion = 17.1.32210.238
MinimumVisualStudioVersion = 10.0.40219.1
Project("{9A19103F-16F7-4668-BE54-9A1E7A4F7556}") = "Repositories.Contracts", "Repositories.Contracts\Repositories.Contracts.csproj", "{FD1BDC4C-B800-4BE4-B4A5-B06BEBC06EF8}"
EndProject
Project("{9A19103F-16F7-4668-BE54-9A1E7A4F7556}") = "Entities", "Entities\Entities.csproj", "{5AD02A61-47B4-4379-BB94-6954123F43FF}"
EndProject
Project("{9A19103F-16F7-4668-BE54-9A1E7A4F7556}") = "Repositories.GraphAzureADGroups", "Repositories.GraphGroups\Repositories.GraphAzureADGroups.csproj", "{A1B2E4F6-6976-42CF-BC42-53D55A7B0CA5}"
EndProject
Project("{9A19103F-16F7-4668-BE54-9A1E7A4F7556}") = "Repositories.SyncJobRepository", "Repositories.SyncJobs\Repositories.SyncJobRepository.csproj", "{0816910E-E402-4CB2-994A-3A22FC2AA77D}"
EndProject
Project("{9A19103F-16F7-4668-BE54-9A1E7A4F7556}") = "Repositories.ServiceBusTopics", "Repositories.Topics\Repositories.ServiceBusTopics.csproj", "{176FEE96-E330-42BC-A87F-4A270A161E93}"
EndProject
Project("{9A19103F-16F7-4668-BE54-9A1E7A4F7556}") = "Repositories.TableStorage", "Repositories.TableStorage\Repositories.TableStorage.csproj", "{6FEBFBC3-696C-4385-8F13-7ED1C9E327A2}"
EndProject
Project("{9A19103F-16F7-4668-BE54-9A1E7A4F7556}") = "Repositories.ServiceBusSubscriptions", "Repositories.ServiceBusSubscriptions\Repositories.ServiceBusSubscriptions.csproj", "{213E3500-4FB9-45C3-ACDB-5DC4B05DF2D7}"
EndProject
Project("{2150E333-8FDC-42A3-9474-1A3956D46DE8}") = "Solution Items", "Solution Items", "{C1EAAA15-9012-4BAE-A840-D36A40C7B414}"
	ProjectSection(SolutionItems) = preProject
		nuget.config = nuget.config
	EndProjectSection
EndProject
Project("{9A19103F-16F7-4668-BE54-9A1E7A4F7556}") = "Repositories.Logging", "Repositories.Logging\Repositories.Logging.csproj", "{05FDF931-B8EA-4873-AEEB-680193D9F0DF}"
EndProject
Project("{9A19103F-16F7-4668-BE54-9A1E7A4F7556}") = "Hosts.FunctionBase", "Hosts.FunctionBase\Hosts.FunctionBase.csproj", "{E7274DFF-5E6A-4B40-BCA7-92B8F7C913DB}"
EndProject
Project("{9A19103F-16F7-4668-BE54-9A1E7A4F7556}") = "DIConcreteTypes", "DIConcreteTypes\DIConcreteTypes.csproj", "{00F3C49C-3C56-4824-860C-EE44BABE95C6}"
EndProject
Project("{9A19103F-16F7-4668-BE54-9A1E7A4F7556}") = "Common.FunctionSetup", "Common.FunctionSetup\Common.FunctionSetup.csproj", "{F5A75DE3-7A6B-46B8-84CE-FCE7090A9B68}"
EndProject
Project("{9A19103F-16F7-4668-BE54-9A1E7A4F7556}") = "Common.DependencyInjection", "Common.DependencyInjection\Common.DependencyInjection.csproj", "{D701EEE9-6F9C-4D35-A1AD-D001884C7945}"
EndProject
Project("{9A19103F-16F7-4668-BE54-9A1E7A4F7556}") = "Repositories.Mocks", "Repositories.Mocks\Repositories.Mocks.csproj", "{53BD47FE-1663-4332-A7A4-D56B264F1F72}"
EndProject
Project("{9A19103F-16F7-4668-BE54-9A1E7A4F7556}") = "Repositories.SyncJobs.Tests", "Repositories.SyncJobs.Tests\Repositories.SyncJobs.Tests.csproj", "{5D61685E-5A38-4C78-8DFB-392028273168}"
EndProject
Project("{9A19103F-16F7-4668-BE54-9A1E7A4F7556}") = "Repositories.ServiceBusSubscriptions.Tests", "Repositories.ServiceBusSubscriptions.Tests\Repositories.ServiceBusSubscriptions.Tests.csproj", "{3B3E1DF7-D953-4733-9AD7-5A287461FE99}"
EndProject
Project("{9A19103F-16F7-4668-BE54-9A1E7A4F7556}") = "Repositories.ServiceBusTopics.Tests", "Repositories.ServiceBusTopics.Tests\Repositories.ServiceBusTopics.Tests.csproj", "{EB0C4F07-A160-4743-A5B5-C65DE816736C}"
EndProject
Project("{9A19103F-16F7-4668-BE54-9A1E7A4F7556}") = "Repositories.ServiceBusQueue", "Repositories.ServiceBusQueue\Repositories.ServiceBusQueue.csproj", "{05E21F48-F8E2-4E85-A855-39C676E8625D}"
EndProject
Project("{9A19103F-16F7-4668-BE54-9A1E7A4F7556}") = "Repositories.Mail", "Repositories.Mail\Repositories.Mail.csproj", "{223A67CC-E2B3-4844-B4BC-9F1AAE06C800}"
EndProject
Project("{9A19103F-16F7-4668-BE54-9A1E7A4F7556}") = "Repositories.Localization", "Repositories.Localization\Repositories.Localization.csproj", "{FE15FD53-3DE8-42C6-84F9-3F8FA2BEAAB4}"
EndProject
Project("{9A19103F-16F7-4668-BE54-9A1E7A4F7556}") = "Repositories.LoggingRepos.Tests", "Repositories.LoggingRepos.Tests\Repositories.LoggingRepos.Tests.csproj", "{CEF3324D-74AD-4094-AC80-485E262B8E91}"
EndProject
Project("{9A19103F-16F7-4668-BE54-9A1E7A4F7556}") = "Repositories.GraphAzureADUsers", "Repositories.GraphUsers\Repositories.GraphAzureADUsers.csproj", "{6F5C7C65-3C4B-40E6-ACA9-632FBE6FF17E}"
EndProject
Project("{9A19103F-16F7-4668-BE54-9A1E7A4F7556}") = "Repositories.GraphUsers.Tests", "Repositories.GraphUsers.Tests\Repositories.GraphUsers.Tests.csproj", "{36F60687-8727-4A28-AAA3-5C5B79F992D4}"
EndProject
Project("{9A19103F-16F7-4668-BE54-9A1E7A4F7556}") = "Repositories.BlobStorage", "Repositories.BlobStorage\Repositories.BlobStorage.csproj", "{3B3732FE-07C6-439B-B2A4-EDADF2F07C39}"
EndProject
Project("{9A19103F-16F7-4668-BE54-9A1E7A4F7556}") = "Models", "Models\Models.csproj", "{33ADF87B-336E-4A24-8DBC-4A86471C0634}"
EndProject
Project("{FAE04EC0-301F-11D3-BF4B-00C04F79EFBC}") = "Models.Tests", "Models.Tests\Models.Tests.csproj", "{A96E6F5F-0022-47A0-A4DE-B915DF4746D6}"
EndProject
Global
	GlobalSection(SolutionConfigurationPlatforms) = preSolution
		Debug|Any CPU = Debug|Any CPU
		Release|Any CPU = Release|Any CPU
	EndGlobalSection
	GlobalSection(ProjectConfigurationPlatforms) = postSolution
		{FD1BDC4C-B800-4BE4-B4A5-B06BEBC06EF8}.Debug|Any CPU.ActiveCfg = Debug|Any CPU
		{FD1BDC4C-B800-4BE4-B4A5-B06BEBC06EF8}.Debug|Any CPU.Build.0 = Debug|Any CPU
		{FD1BDC4C-B800-4BE4-B4A5-B06BEBC06EF8}.Release|Any CPU.ActiveCfg = Release|Any CPU
		{FD1BDC4C-B800-4BE4-B4A5-B06BEBC06EF8}.Release|Any CPU.Build.0 = Release|Any CPU
		{5AD02A61-47B4-4379-BB94-6954123F43FF}.Debug|Any CPU.ActiveCfg = Debug|Any CPU
		{5AD02A61-47B4-4379-BB94-6954123F43FF}.Debug|Any CPU.Build.0 = Debug|Any CPU
		{5AD02A61-47B4-4379-BB94-6954123F43FF}.Release|Any CPU.ActiveCfg = Release|Any CPU
		{5AD02A61-47B4-4379-BB94-6954123F43FF}.Release|Any CPU.Build.0 = Release|Any CPU
		{A1B2E4F6-6976-42CF-BC42-53D55A7B0CA5}.Debug|Any CPU.ActiveCfg = Debug|Any CPU
		{A1B2E4F6-6976-42CF-BC42-53D55A7B0CA5}.Debug|Any CPU.Build.0 = Debug|Any CPU
		{A1B2E4F6-6976-42CF-BC42-53D55A7B0CA5}.Release|Any CPU.ActiveCfg = Release|Any CPU
		{A1B2E4F6-6976-42CF-BC42-53D55A7B0CA5}.Release|Any CPU.Build.0 = Release|Any CPU
		{0816910E-E402-4CB2-994A-3A22FC2AA77D}.Debug|Any CPU.ActiveCfg = Debug|Any CPU
		{0816910E-E402-4CB2-994A-3A22FC2AA77D}.Debug|Any CPU.Build.0 = Debug|Any CPU
		{0816910E-E402-4CB2-994A-3A22FC2AA77D}.Release|Any CPU.ActiveCfg = Release|Any CPU
		{0816910E-E402-4CB2-994A-3A22FC2AA77D}.Release|Any CPU.Build.0 = Release|Any CPU
		{176FEE96-E330-42BC-A87F-4A270A161E93}.Debug|Any CPU.ActiveCfg = Debug|Any CPU
		{176FEE96-E330-42BC-A87F-4A270A161E93}.Debug|Any CPU.Build.0 = Debug|Any CPU
		{176FEE96-E330-42BC-A87F-4A270A161E93}.Release|Any CPU.ActiveCfg = Release|Any CPU
		{176FEE96-E330-42BC-A87F-4A270A161E93}.Release|Any CPU.Build.0 = Release|Any CPU
		{6FEBFBC3-696C-4385-8F13-7ED1C9E327A2}.Debug|Any CPU.ActiveCfg = Debug|Any CPU
		{6FEBFBC3-696C-4385-8F13-7ED1C9E327A2}.Debug|Any CPU.Build.0 = Debug|Any CPU
		{6FEBFBC3-696C-4385-8F13-7ED1C9E327A2}.Release|Any CPU.ActiveCfg = Release|Any CPU
		{6FEBFBC3-696C-4385-8F13-7ED1C9E327A2}.Release|Any CPU.Build.0 = Release|Any CPU
		{213E3500-4FB9-45C3-ACDB-5DC4B05DF2D7}.Debug|Any CPU.ActiveCfg = Debug|Any CPU
		{213E3500-4FB9-45C3-ACDB-5DC4B05DF2D7}.Debug|Any CPU.Build.0 = Debug|Any CPU
		{213E3500-4FB9-45C3-ACDB-5DC4B05DF2D7}.Release|Any CPU.ActiveCfg = Release|Any CPU
		{213E3500-4FB9-45C3-ACDB-5DC4B05DF2D7}.Release|Any CPU.Build.0 = Release|Any CPU
		{05FDF931-B8EA-4873-AEEB-680193D9F0DF}.Debug|Any CPU.ActiveCfg = Debug|Any CPU
		{05FDF931-B8EA-4873-AEEB-680193D9F0DF}.Debug|Any CPU.Build.0 = Debug|Any CPU
		{05FDF931-B8EA-4873-AEEB-680193D9F0DF}.Release|Any CPU.ActiveCfg = Release|Any CPU
		{05FDF931-B8EA-4873-AEEB-680193D9F0DF}.Release|Any CPU.Build.0 = Release|Any CPU
		{E7274DFF-5E6A-4B40-BCA7-92B8F7C913DB}.Debug|Any CPU.ActiveCfg = Debug|Any CPU
		{E7274DFF-5E6A-4B40-BCA7-92B8F7C913DB}.Debug|Any CPU.Build.0 = Debug|Any CPU
		{E7274DFF-5E6A-4B40-BCA7-92B8F7C913DB}.Release|Any CPU.ActiveCfg = Release|Any CPU
		{E7274DFF-5E6A-4B40-BCA7-92B8F7C913DB}.Release|Any CPU.Build.0 = Release|Any CPU
		{00F3C49C-3C56-4824-860C-EE44BABE95C6}.Debug|Any CPU.ActiveCfg = Debug|Any CPU
		{00F3C49C-3C56-4824-860C-EE44BABE95C6}.Debug|Any CPU.Build.0 = Debug|Any CPU
		{00F3C49C-3C56-4824-860C-EE44BABE95C6}.Release|Any CPU.ActiveCfg = Release|Any CPU
		{00F3C49C-3C56-4824-860C-EE44BABE95C6}.Release|Any CPU.Build.0 = Release|Any CPU
		{F5A75DE3-7A6B-46B8-84CE-FCE7090A9B68}.Debug|Any CPU.ActiveCfg = Debug|Any CPU
		{F5A75DE3-7A6B-46B8-84CE-FCE7090A9B68}.Debug|Any CPU.Build.0 = Debug|Any CPU
		{F5A75DE3-7A6B-46B8-84CE-FCE7090A9B68}.Release|Any CPU.ActiveCfg = Release|Any CPU
		{F5A75DE3-7A6B-46B8-84CE-FCE7090A9B68}.Release|Any CPU.Build.0 = Release|Any CPU
		{D701EEE9-6F9C-4D35-A1AD-D001884C7945}.Debug|Any CPU.ActiveCfg = Debug|Any CPU
		{D701EEE9-6F9C-4D35-A1AD-D001884C7945}.Debug|Any CPU.Build.0 = Debug|Any CPU
		{D701EEE9-6F9C-4D35-A1AD-D001884C7945}.Release|Any CPU.ActiveCfg = Release|Any CPU
		{D701EEE9-6F9C-4D35-A1AD-D001884C7945}.Release|Any CPU.Build.0 = Release|Any CPU
		{53BD47FE-1663-4332-A7A4-D56B264F1F72}.Debug|Any CPU.ActiveCfg = Debug|Any CPU
		{53BD47FE-1663-4332-A7A4-D56B264F1F72}.Debug|Any CPU.Build.0 = Debug|Any CPU
		{53BD47FE-1663-4332-A7A4-D56B264F1F72}.Release|Any CPU.ActiveCfg = Release|Any CPU
		{53BD47FE-1663-4332-A7A4-D56B264F1F72}.Release|Any CPU.Build.0 = Release|Any CPU
		{5D61685E-5A38-4C78-8DFB-392028273168}.Debug|Any CPU.ActiveCfg = Debug|Any CPU
		{5D61685E-5A38-4C78-8DFB-392028273168}.Debug|Any CPU.Build.0 = Debug|Any CPU
		{5D61685E-5A38-4C78-8DFB-392028273168}.Release|Any CPU.ActiveCfg = Release|Any CPU
		{5D61685E-5A38-4C78-8DFB-392028273168}.Release|Any CPU.Build.0 = Release|Any CPU
		{3B3E1DF7-D953-4733-9AD7-5A287461FE99}.Debug|Any CPU.ActiveCfg = Debug|Any CPU
		{3B3E1DF7-D953-4733-9AD7-5A287461FE99}.Debug|Any CPU.Build.0 = Debug|Any CPU
		{3B3E1DF7-D953-4733-9AD7-5A287461FE99}.Release|Any CPU.ActiveCfg = Release|Any CPU
		{3B3E1DF7-D953-4733-9AD7-5A287461FE99}.Release|Any CPU.Build.0 = Release|Any CPU
		{EB0C4F07-A160-4743-A5B5-C65DE816736C}.Debug|Any CPU.ActiveCfg = Debug|Any CPU
		{EB0C4F07-A160-4743-A5B5-C65DE816736C}.Debug|Any CPU.Build.0 = Debug|Any CPU
		{EB0C4F07-A160-4743-A5B5-C65DE816736C}.Release|Any CPU.ActiveCfg = Release|Any CPU
		{EB0C4F07-A160-4743-A5B5-C65DE816736C}.Release|Any CPU.Build.0 = Release|Any CPU
		{05E21F48-F8E2-4E85-A855-39C676E8625D}.Debug|Any CPU.ActiveCfg = Debug|Any CPU
		{05E21F48-F8E2-4E85-A855-39C676E8625D}.Debug|Any CPU.Build.0 = Debug|Any CPU
		{05E21F48-F8E2-4E85-A855-39C676E8625D}.Release|Any CPU.ActiveCfg = Release|Any CPU
		{05E21F48-F8E2-4E85-A855-39C676E8625D}.Release|Any CPU.Build.0 = Release|Any CPU
		{223A67CC-E2B3-4844-B4BC-9F1AAE06C800}.Debug|Any CPU.ActiveCfg = Debug|Any CPU
		{223A67CC-E2B3-4844-B4BC-9F1AAE06C800}.Debug|Any CPU.Build.0 = Debug|Any CPU
		{223A67CC-E2B3-4844-B4BC-9F1AAE06C800}.Release|Any CPU.ActiveCfg = Release|Any CPU
		{223A67CC-E2B3-4844-B4BC-9F1AAE06C800}.Release|Any CPU.Build.0 = Release|Any CPU
		{FE15FD53-3DE8-42C6-84F9-3F8FA2BEAAB4}.Debug|Any CPU.ActiveCfg = Debug|Any CPU
		{FE15FD53-3DE8-42C6-84F9-3F8FA2BEAAB4}.Debug|Any CPU.Build.0 = Debug|Any CPU
		{FE15FD53-3DE8-42C6-84F9-3F8FA2BEAAB4}.Release|Any CPU.ActiveCfg = Release|Any CPU
		{FE15FD53-3DE8-42C6-84F9-3F8FA2BEAAB4}.Release|Any CPU.Build.0 = Release|Any CPU
		{CEF3324D-74AD-4094-AC80-485E262B8E91}.Debug|Any CPU.ActiveCfg = Debug|Any CPU
		{CEF3324D-74AD-4094-AC80-485E262B8E91}.Debug|Any CPU.Build.0 = Debug|Any CPU
		{CEF3324D-74AD-4094-AC80-485E262B8E91}.Release|Any CPU.ActiveCfg = Release|Any CPU
		{CEF3324D-74AD-4094-AC80-485E262B8E91}.Release|Any CPU.Build.0 = Release|Any CPU
		{6F5C7C65-3C4B-40E6-ACA9-632FBE6FF17E}.Debug|Any CPU.ActiveCfg = Debug|Any CPU
		{6F5C7C65-3C4B-40E6-ACA9-632FBE6FF17E}.Debug|Any CPU.Build.0 = Debug|Any CPU
		{6F5C7C65-3C4B-40E6-ACA9-632FBE6FF17E}.Release|Any CPU.ActiveCfg = Release|Any CPU
		{6F5C7C65-3C4B-40E6-ACA9-632FBE6FF17E}.Release|Any CPU.Build.0 = Release|Any CPU
		{36F60687-8727-4A28-AAA3-5C5B79F992D4}.Debug|Any CPU.ActiveCfg = Debug|Any CPU
		{36F60687-8727-4A28-AAA3-5C5B79F992D4}.Debug|Any CPU.Build.0 = Debug|Any CPU
		{36F60687-8727-4A28-AAA3-5C5B79F992D4}.Release|Any CPU.ActiveCfg = Release|Any CPU
		{36F60687-8727-4A28-AAA3-5C5B79F992D4}.Release|Any CPU.Build.0 = Release|Any CPU
		{3B3732FE-07C6-439B-B2A4-EDADF2F07C39}.Debug|Any CPU.ActiveCfg = Debug|Any CPU
		{3B3732FE-07C6-439B-B2A4-EDADF2F07C39}.Debug|Any CPU.Build.0 = Debug|Any CPU
		{3B3732FE-07C6-439B-B2A4-EDADF2F07C39}.Release|Any CPU.ActiveCfg = Release|Any CPU
		{3B3732FE-07C6-439B-B2A4-EDADF2F07C39}.Release|Any CPU.Build.0 = Release|Any CPU
		{33ADF87B-336E-4A24-8DBC-4A86471C0634}.Debug|Any CPU.ActiveCfg = Debug|Any CPU
		{33ADF87B-336E-4A24-8DBC-4A86471C0634}.Debug|Any CPU.Build.0 = Debug|Any CPU
		{33ADF87B-336E-4A24-8DBC-4A86471C0634}.Release|Any CPU.ActiveCfg = Release|Any CPU
		{33ADF87B-336E-4A24-8DBC-4A86471C0634}.Release|Any CPU.Build.0 = Release|Any CPU
		{A96E6F5F-0022-47A0-A4DE-B915DF4746D6}.Debug|Any CPU.ActiveCfg = Debug|Any CPU
		{A96E6F5F-0022-47A0-A4DE-B915DF4746D6}.Debug|Any CPU.Build.0 = Debug|Any CPU
		{A96E6F5F-0022-47A0-A4DE-B915DF4746D6}.Release|Any CPU.ActiveCfg = Release|Any CPU
		{A96E6F5F-0022-47A0-A4DE-B915DF4746D6}.Release|Any CPU.Build.0 = Release|Any CPU
	EndGlobalSection
	GlobalSection(SolutionProperties) = preSolution
		HideSolutionNode = FALSE
	EndGlobalSection
	GlobalSection(ExtensibilityGlobals) = postSolution
		SolutionGuid = {B376BAB4-3872-4990-83E0-51C8EA5F4FD3}
	EndGlobalSection
EndGlobal
