Microsoft Visual Studio Solution File, Format Version 12.00
# Visual Studio Version 16
VisualStudioVersion = 16.0.30323.103
MinimumVisualStudioVersion = 10.0.40219.1
Project("{9A19103F-16F7-4668-BE54-9A1E7A4F7556}") = "GraphUpdater", "GraphUpdater.csproj", "{ADB39082-0BF4-4E12-A197-AF110B5F2835}"
EndProject
Project("{9A19103F-16F7-4668-BE54-9A1E7A4F7556}") = "Common.DependencyInjection", "..\..\..\Common.DependencyInjection\Common.DependencyInjection.csproj", "{C324140B-C5D2-4311-A4F9-8512EFF97078}"
EndProject
Project("{9A19103F-16F7-4668-BE54-9A1E7A4F7556}") = "Repositories.Contracts", "..\..\..\Repositories.Contracts\Repositories.Contracts.csproj", "{6B1D8235-C0CD-4C2D-BFD7-0BBD7569CF2D}"
EndProject
Project("{9A19103F-16F7-4668-BE54-9A1E7A4F7556}") = "Repositories.GraphAzureADGroups", "..\..\..\Repositories.GraphGroups\Repositories.GraphAzureADGroups.csproj", "{B359595B-66F6-4183-BFFC-F5801F0DA85C}"
EndProject
Project("{9A19103F-16F7-4668-BE54-9A1E7A4F7556}") = "Repositories.MembershipDifference", "..\Repositories\Repositories.MembershipDifference\Repositories.MembershipDifference.csproj", "{BA8F4ACA-976A-4C2F-92B4-BBDEAE5D8F28}"
EndProject
Project("{9A19103F-16F7-4668-BE54-9A1E7A4F7556}") = "Repositories.SyncJobRepository", "..\..\..\Repositories.SyncJobs\Repositories.SyncJobRepository.csproj", "{C3A0A9C4-16AF-462D-90B2-C77C949D031C}"
EndProject
Project("{9A19103F-16F7-4668-BE54-9A1E7A4F7556}") = "Entities", "..\..\..\Entities\Entities.csproj", "{EE634CB9-1548-4CA6-91B4-39728CC0B755}"
EndProject
Project("{9A19103F-16F7-4668-BE54-9A1E7A4F7556}") = "Repositories.Mocks", "..\..\..\Repositories.Mocks\Repositories.Mocks.csproj", "{FCE2ED7E-73B1-4863-9108-12AF37524FDD}"
EndProject
Project("{9A19103F-16F7-4668-BE54-9A1E7A4F7556}") = "Services.Tests", "..\Services.Tests\Services.Tests.csproj", "{195F8E34-30AB-48F1-BB17-0F00F919BFA5}"
EndProject
Project("{9A19103F-16F7-4668-BE54-9A1E7A4F7556}") = "Repositories.Integration.Tests", "..\Repositories.Integration.Tests\Repositories.Integration.Tests.csproj", "{7A645FCB-59A1-4D42-8482-657343E962E1}"
EndProject
Project("{9A19103F-16F7-4668-BE54-9A1E7A4F7556}") = "Repositories.Logging", "..\..\..\Repositories.Logging\Repositories.Logging.csproj", "{CFF939B0-E06A-4F07-B423-2CD7EDDB56CD}"
EndProject
Project("{9A19103F-16F7-4668-BE54-9A1E7A4F7556}") = "DIConcreteTypes", "..\..\..\DIConcreteTypes\DIConcreteTypes.csproj", "{87BFAA25-59F6-4766-B121-858A0425906D}"
EndProject
Project("{9A19103F-16F7-4668-BE54-9A1E7A4F7556}") = "Repositories.Mail", "..\..\..\Repositories.Mail\Repositories.Mail.csproj", "{764A3B56-39FB-45B7-9018-ACF66CD72FC3}"
EndProject
Project("{9A19103F-16F7-4668-BE54-9A1E7A4F7556}") = "Repositories.Localization", "..\..\..\Repositories.Localization\Repositories.Localization.csproj", "{E6AA94CE-51FB-496D-A4DF-533499470271}"
EndProject
Project("{9A19103F-16F7-4668-BE54-9A1E7A4F7556}") = "Hosts.FunctionBase", "..\..\..\Hosts.FunctionBase\Hosts.FunctionBase.csproj", "{FEA78B1D-AFF9-466D-B13C-B73D2ECF7C7F}"
EndProject
Project("{FAE04EC0-301F-11D3-BF4B-00C04F79EFBC}") = "Services.Contracts", "..\Services.Contracts\Services.Contracts.csproj", "{6E0ED8FB-C78B-4AA7-AA01-1DA1B784DE3A}"
EndProject
Project("{FAE04EC0-301F-11D3-BF4B-00C04F79EFBC}") = "Services.Entities", "..\Services.Entities\Services.Entities.csproj", "{A73323C8-E7F2-4F65-A6E7-1B52A86BEBEF}"
EndProject
Global
	GlobalSection(SolutionConfigurationPlatforms) = preSolution
		Debug|Any CPU = Debug|Any CPU
		Release|Any CPU = Release|Any CPU
	EndGlobalSection
	GlobalSection(ProjectConfigurationPlatforms) = postSolution
		{ADB39082-0BF4-4E12-A197-AF110B5F2835}.Debug|Any CPU.ActiveCfg = Debug|Any CPU
		{ADB39082-0BF4-4E12-A197-AF110B5F2835}.Debug|Any CPU.Build.0 = Debug|Any CPU
		{ADB39082-0BF4-4E12-A197-AF110B5F2835}.Release|Any CPU.ActiveCfg = Release|Any CPU
		{ADB39082-0BF4-4E12-A197-AF110B5F2835}.Release|Any CPU.Build.0 = Release|Any CPU
		{C324140B-C5D2-4311-A4F9-8512EFF97078}.Debug|Any CPU.ActiveCfg = Debug|Any CPU
		{C324140B-C5D2-4311-A4F9-8512EFF97078}.Debug|Any CPU.Build.0 = Debug|Any CPU
		{C324140B-C5D2-4311-A4F9-8512EFF97078}.Release|Any CPU.ActiveCfg = Release|Any CPU
		{C324140B-C5D2-4311-A4F9-8512EFF97078}.Release|Any CPU.Build.0 = Release|Any CPU
		{6B1D8235-C0CD-4C2D-BFD7-0BBD7569CF2D}.Debug|Any CPU.ActiveCfg = Debug|Any CPU
		{6B1D8235-C0CD-4C2D-BFD7-0BBD7569CF2D}.Debug|Any CPU.Build.0 = Debug|Any CPU
		{6B1D8235-C0CD-4C2D-BFD7-0BBD7569CF2D}.Release|Any CPU.ActiveCfg = Release|Any CPU
		{6B1D8235-C0CD-4C2D-BFD7-0BBD7569CF2D}.Release|Any CPU.Build.0 = Release|Any CPU
		{B359595B-66F6-4183-BFFC-F5801F0DA85C}.Debug|Any CPU.ActiveCfg = Debug|Any CPU
		{B359595B-66F6-4183-BFFC-F5801F0DA85C}.Debug|Any CPU.Build.0 = Debug|Any CPU
		{B359595B-66F6-4183-BFFC-F5801F0DA85C}.Release|Any CPU.ActiveCfg = Release|Any CPU
		{B359595B-66F6-4183-BFFC-F5801F0DA85C}.Release|Any CPU.Build.0 = Release|Any CPU
		{BA8F4ACA-976A-4C2F-92B4-BBDEAE5D8F28}.Debug|Any CPU.ActiveCfg = Debug|Any CPU
		{BA8F4ACA-976A-4C2F-92B4-BBDEAE5D8F28}.Debug|Any CPU.Build.0 = Debug|Any CPU
		{BA8F4ACA-976A-4C2F-92B4-BBDEAE5D8F28}.Release|Any CPU.ActiveCfg = Release|Any CPU
		{BA8F4ACA-976A-4C2F-92B4-BBDEAE5D8F28}.Release|Any CPU.Build.0 = Release|Any CPU
		{C3A0A9C4-16AF-462D-90B2-C77C949D031C}.Debug|Any CPU.ActiveCfg = Debug|Any CPU
		{C3A0A9C4-16AF-462D-90B2-C77C949D031C}.Debug|Any CPU.Build.0 = Debug|Any CPU
		{C3A0A9C4-16AF-462D-90B2-C77C949D031C}.Release|Any CPU.ActiveCfg = Release|Any CPU
		{C3A0A9C4-16AF-462D-90B2-C77C949D031C}.Release|Any CPU.Build.0 = Release|Any CPU
		{EE634CB9-1548-4CA6-91B4-39728CC0B755}.Debug|Any CPU.ActiveCfg = Debug|Any CPU
		{EE634CB9-1548-4CA6-91B4-39728CC0B755}.Debug|Any CPU.Build.0 = Debug|Any CPU
		{EE634CB9-1548-4CA6-91B4-39728CC0B755}.Release|Any CPU.ActiveCfg = Release|Any CPU
		{EE634CB9-1548-4CA6-91B4-39728CC0B755}.Release|Any CPU.Build.0 = Release|Any CPU
		{FCE2ED7E-73B1-4863-9108-12AF37524FDD}.Debug|Any CPU.ActiveCfg = Debug|Any CPU
		{FCE2ED7E-73B1-4863-9108-12AF37524FDD}.Debug|Any CPU.Build.0 = Debug|Any CPU
		{FCE2ED7E-73B1-4863-9108-12AF37524FDD}.Release|Any CPU.ActiveCfg = Release|Any CPU
		{FCE2ED7E-73B1-4863-9108-12AF37524FDD}.Release|Any CPU.Build.0 = Release|Any CPU
		{195F8E34-30AB-48F1-BB17-0F00F919BFA5}.Debug|Any CPU.ActiveCfg = Debug|Any CPU
		{195F8E34-30AB-48F1-BB17-0F00F919BFA5}.Debug|Any CPU.Build.0 = Debug|Any CPU
		{195F8E34-30AB-48F1-BB17-0F00F919BFA5}.Release|Any CPU.ActiveCfg = Release|Any CPU
		{195F8E34-30AB-48F1-BB17-0F00F919BFA5}.Release|Any CPU.Build.0 = Release|Any CPU
		{7A645FCB-59A1-4D42-8482-657343E962E1}.Debug|Any CPU.ActiveCfg = Debug|Any CPU
		{7A645FCB-59A1-4D42-8482-657343E962E1}.Debug|Any CPU.Build.0 = Debug|Any CPU
		{7A645FCB-59A1-4D42-8482-657343E962E1}.Release|Any CPU.ActiveCfg = Release|Any CPU
		{7A645FCB-59A1-4D42-8482-657343E962E1}.Release|Any CPU.Build.0 = Release|Any CPU
		{CFF939B0-E06A-4F07-B423-2CD7EDDB56CD}.Debug|Any CPU.ActiveCfg = Debug|Any CPU
		{CFF939B0-E06A-4F07-B423-2CD7EDDB56CD}.Debug|Any CPU.Build.0 = Debug|Any CPU
		{CFF939B0-E06A-4F07-B423-2CD7EDDB56CD}.Release|Any CPU.ActiveCfg = Release|Any CPU
		{CFF939B0-E06A-4F07-B423-2CD7EDDB56CD}.Release|Any CPU.Build.0 = Release|Any CPU
		{87BFAA25-59F6-4766-B121-858A0425906D}.Debug|Any CPU.ActiveCfg = Debug|Any CPU
		{87BFAA25-59F6-4766-B121-858A0425906D}.Debug|Any CPU.Build.0 = Debug|Any CPU
		{87BFAA25-59F6-4766-B121-858A0425906D}.Release|Any CPU.ActiveCfg = Release|Any CPU
		{87BFAA25-59F6-4766-B121-858A0425906D}.Release|Any CPU.Build.0 = Release|Any CPU
		{764A3B56-39FB-45B7-9018-ACF66CD72FC3}.Debug|Any CPU.ActiveCfg = Debug|Any CPU
		{764A3B56-39FB-45B7-9018-ACF66CD72FC3}.Debug|Any CPU.Build.0 = Debug|Any CPU
		{764A3B56-39FB-45B7-9018-ACF66CD72FC3}.Release|Any CPU.ActiveCfg = Release|Any CPU
		{764A3B56-39FB-45B7-9018-ACF66CD72FC3}.Release|Any CPU.Build.0 = Release|Any CPU
		{E6AA94CE-51FB-496D-A4DF-533499470271}.Debug|Any CPU.ActiveCfg = Debug|Any CPU
		{E6AA94CE-51FB-496D-A4DF-533499470271}.Debug|Any CPU.Build.0 = Debug|Any CPU
		{E6AA94CE-51FB-496D-A4DF-533499470271}.Release|Any CPU.ActiveCfg = Release|Any CPU
		{E6AA94CE-51FB-496D-A4DF-533499470271}.Release|Any CPU.Build.0 = Release|Any CPU
		{FEA78B1D-AFF9-466D-B13C-B73D2ECF7C7F}.Debug|Any CPU.ActiveCfg = Debug|Any CPU
		{FEA78B1D-AFF9-466D-B13C-B73D2ECF7C7F}.Debug|Any CPU.Build.0 = Debug|Any CPU
		{FEA78B1D-AFF9-466D-B13C-B73D2ECF7C7F}.Release|Any CPU.ActiveCfg = Release|Any CPU
		{FEA78B1D-AFF9-466D-B13C-B73D2ECF7C7F}.Release|Any CPU.Build.0 = Release|Any CPU
		{6E0ED8FB-C78B-4AA7-AA01-1DA1B784DE3A}.Debug|Any CPU.ActiveCfg = Debug|Any CPU
		{6E0ED8FB-C78B-4AA7-AA01-1DA1B784DE3A}.Debug|Any CPU.Build.0 = Debug|Any CPU
		{6E0ED8FB-C78B-4AA7-AA01-1DA1B784DE3A}.Release|Any CPU.ActiveCfg = Release|Any CPU
		{6E0ED8FB-C78B-4AA7-AA01-1DA1B784DE3A}.Release|Any CPU.Build.0 = Release|Any CPU
		{A73323C8-E7F2-4F65-A6E7-1B52A86BEBEF}.Debug|Any CPU.ActiveCfg = Debug|Any CPU
		{A73323C8-E7F2-4F65-A6E7-1B52A86BEBEF}.Debug|Any CPU.Build.0 = Debug|Any CPU
		{A73323C8-E7F2-4F65-A6E7-1B52A86BEBEF}.Release|Any CPU.ActiveCfg = Release|Any CPU
		{A73323C8-E7F2-4F65-A6E7-1B52A86BEBEF}.Release|Any CPU.Build.0 = Release|Any CPU
	EndGlobalSection
	GlobalSection(SolutionProperties) = preSolution
		HideSolutionNode = FALSE
	EndGlobalSection
	GlobalSection(ExtensibilityGlobals) = postSolution
		SolutionGuid = {10909E46-76E8-46EA-A834-3B72870E6633}
	EndGlobalSection
EndGlobal
