
Microsoft Visual Studio Solution File, Format Version 12.00
# Visual Studio Version 16
VisualStudioVersion = 16.0.30704.19
MinimumVisualStudioVersion = 10.0.40219.1
Project("{9A19103F-16F7-4668-BE54-9A1E7A4F7556}") = "GroupAdder", "GroupAdder.csproj", "{BCEDE23A-5964-4579-A844-633A419D8912}"
EndProject
Project("{9A19103F-16F7-4668-BE54-9A1E7A4F7556}") = "Entities", "..\..\..\Entities\Entities.csproj", "{C3CF482F-1CA6-46BC-8516-609BC26C324C}"
EndProject
Project("{9A19103F-16F7-4668-BE54-9A1E7A4F7556}") = "Repositories.GraphAzureADGroups", "..\..\..\Repositories.GraphGroups\Repositories.GraphAzureADGroups.csproj", "{8B98A774-73C7-41B3-B785-8A73DF095FEC}"
EndProject
Project("{9A19103F-16F7-4668-BE54-9A1E7A4F7556}") = "Repositories.Contracts", "..\..\..\Repositories.Contracts\Repositories.Contracts.csproj", "{56D612D0-0720-4C19-96D1-E9BCC23D61F0}"
EndProject
Project("{9A19103F-16F7-4668-BE54-9A1E7A4F7556}") = "Repositories.ServiceBusQueue", "..\..\..\Repositories.ServiceBusQueue\Repositories.ServiceBusQueue.csproj", "{A0AFDAEC-55C8-4070-BA1B-018EBE1FB040}"
EndProject
Global
	GlobalSection(SolutionConfigurationPlatforms) = preSolution
		Debug|Any CPU = Debug|Any CPU
		Release|Any CPU = Release|Any CPU
	EndGlobalSection
	GlobalSection(ProjectConfigurationPlatforms) = postSolution
		{BCEDE23A-5964-4579-A844-633A419D8912}.Debug|Any CPU.ActiveCfg = Debug|Any CPU
		{BCEDE23A-5964-4579-A844-633A419D8912}.Debug|Any CPU.Build.0 = Debug|Any CPU
		{BCEDE23A-5964-4579-A844-633A419D8912}.Release|Any CPU.ActiveCfg = Release|Any CPU
		{BCEDE23A-5964-4579-A844-633A419D8912}.Release|Any CPU.Build.0 = Release|Any CPU
		{C3CF482F-1CA6-46BC-8516-609BC26C324C}.Debug|Any CPU.ActiveCfg = Debug|Any CPU
		{C3CF482F-1CA6-46BC-8516-609BC26C324C}.Debug|Any CPU.Build.0 = Debug|Any CPU
		{C3CF482F-1CA6-46BC-8516-609BC26C324C}.Release|Any CPU.ActiveCfg = Release|Any CPU
		{C3CF482F-1CA6-46BC-8516-609BC26C324C}.Release|Any CPU.Build.0 = Release|Any CPU
		{8B98A774-73C7-41B3-B785-8A73DF095FEC}.Debug|Any CPU.ActiveCfg = Debug|Any CPU
		{8B98A774-73C7-41B3-B785-8A73DF095FEC}.Debug|Any CPU.Build.0 = Debug|Any CPU
		{8B98A774-73C7-41B3-B785-8A73DF095FEC}.Release|Any CPU.ActiveCfg = Release|Any CPU
		{8B98A774-73C7-41B3-B785-8A73DF095FEC}.Release|Any CPU.Build.0 = Release|Any CPU
		{56D612D0-0720-4C19-96D1-E9BCC23D61F0}.Debug|Any CPU.ActiveCfg = Debug|Any CPU
		{56D612D0-0720-4C19-96D1-E9BCC23D61F0}.Debug|Any CPU.Build.0 = Debug|Any CPU
		{56D612D0-0720-4C19-96D1-E9BCC23D61F0}.Release|Any CPU.ActiveCfg = Release|Any CPU
		{56D612D0-0720-4C19-96D1-E9BCC23D61F0}.Release|Any CPU.Build.0 = Release|Any CPU
		{A0AFDAEC-55C8-4070-BA1B-018EBE1FB040}.Debug|Any CPU.ActiveCfg = Debug|Any CPU
		{A0AFDAEC-55C8-4070-BA1B-018EBE1FB040}.Debug|Any CPU.Build.0 = Debug|Any CPU
		{A0AFDAEC-55C8-4070-BA1B-018EBE1FB040}.Release|Any CPU.ActiveCfg = Release|Any CPU
		{A0AFDAEC-55C8-4070-BA1B-018EBE1FB040}.Release|Any CPU.Build.0 = Release|Any CPU
	EndGlobalSection
	GlobalSection(SolutionProperties) = preSolution
		HideSolutionNode = FALSE
	EndGlobalSection
	GlobalSection(ExtensibilityGlobals) = postSolution
		SolutionGuid = {D135B947-25DB-4E94-9032-85D6FA73BBBE}
	EndGlobalSection
EndGlobal
