
Microsoft Visual Studio Solution File, Format Version 12.00
# Visual Studio Version 16
VisualStudioVersion = 16.0.31605.320
MinimumVisualStudioVersion = 10.0.40219.1
Project("{9A19103F-16F7-4668-BE54-9A1E7A4F7556}") = "JobScheduler", "JobScheduler.csproj", "{1786ECEA-6EAC-4B22-B982-C97B0890051E}"
EndProject
Project("{9A19103F-16F7-4668-BE54-9A1E7A4F7556}") = "Services", "..\Services\Services.csproj", "{B709EB78-E8C1-406E-B1CE-7C2A0CB1C68F}"
EndProject
Project("{9A19103F-16F7-4668-BE54-9A1E7A4F7556}") = "Entities", "..\..\..\..\Entities\Entities.csproj", "{360C08FF-3B8D-4219-8C27-F518C7CE6583}"
EndProject
Project("{9A19103F-16F7-4668-BE54-9A1E7A4F7556}") = "Repositories.Contracts", "..\..\..\..\Repositories.Contracts\Repositories.Contracts.csproj", "{EE10CEFC-CE2F-418D-A2F3-8760470828EB}"
EndProject
Project("{9A19103F-16F7-4668-BE54-9A1E7A4F7556}") = "Repositories.SyncJobRepository", "..\..\..\..\Repositories.SyncJobs\Repositories.SyncJobRepository.csproj", "{7B8D297E-C164-4C9A-AF8D-6F417C9CC7E9}"
EndProject
Project("{9A19103F-16F7-4668-BE54-9A1E7A4F7556}") = "Services.Contracts", "..\Services.Contracts\Services.Contracts.csproj", "{00410DEC-5798-4E6D-B061-270CEB020F2E}"
EndProject
Project("{9A19103F-16F7-4668-BE54-9A1E7A4F7556}") = "Services.Tests", "..\Services.Tests\Services.Tests.csproj", "{D638A269-F324-414B-A578-CC313D7C0237}"
EndProject
Project("{9A19103F-16F7-4668-BE54-9A1E7A4F7556}") = "Repositories.LoggingInfo", "..\..\..\..\Repositories.LoggingInfo\Repositories.LoggingInfo.csproj", "{50536EE1-0841-4B37-9B9F-D112609992DB}"
EndProject
Project("{9A19103F-16F7-4668-BE54-9A1E7A4F7556}") = "Services.Entities", "..\Services.Entities\Services.Entities.csproj", "{B565C8BA-709D-4069-A0BF-AC8D824AB917}"
EndProject
Project("{9A19103F-16F7-4668-BE54-9A1E7A4F7556}") = "Repositories.SyncJobs.Tests", "..\..\..\..\Repositories.SyncJobs.Tests\Repositories.SyncJobs.Tests.csproj", "{959555A5-5F5D-4EE6-BA26-45DF0D43F7F3}"
EndProject
Project("{9A19103F-16F7-4668-BE54-9A1E7A4F7556}") = "Repositories.Logging", "..\..\..\..\Repositories.Logging\Repositories.Logging.csproj", "{29ABE3B8-439A-4C0C-BF85-470049E633A0}"
EndProject
Project("{9A19103F-16F7-4668-BE54-9A1E7A4F7556}") = "DIConcreteTypes", "..\..\..\..\DIConcreteTypes\DIConcreteTypes.csproj", "{681BD936-3CF5-451C-9892-F8887B63473B}"
EndProject
Global
	GlobalSection(SolutionConfigurationPlatforms) = preSolution
		Debug|Any CPU = Debug|Any CPU
		Release|Any CPU = Release|Any CPU
	EndGlobalSection
	GlobalSection(ProjectConfigurationPlatforms) = postSolution
		{1786ECEA-6EAC-4B22-B982-C97B0890051E}.Debug|Any CPU.ActiveCfg = Debug|Any CPU
		{1786ECEA-6EAC-4B22-B982-C97B0890051E}.Debug|Any CPU.Build.0 = Debug|Any CPU
		{1786ECEA-6EAC-4B22-B982-C97B0890051E}.Release|Any CPU.ActiveCfg = Release|Any CPU
		{1786ECEA-6EAC-4B22-B982-C97B0890051E}.Release|Any CPU.Build.0 = Release|Any CPU
		{B709EB78-E8C1-406E-B1CE-7C2A0CB1C68F}.Debug|Any CPU.ActiveCfg = Debug|Any CPU
		{B709EB78-E8C1-406E-B1CE-7C2A0CB1C68F}.Debug|Any CPU.Build.0 = Debug|Any CPU
		{B709EB78-E8C1-406E-B1CE-7C2A0CB1C68F}.Release|Any CPU.ActiveCfg = Release|Any CPU
		{B709EB78-E8C1-406E-B1CE-7C2A0CB1C68F}.Release|Any CPU.Build.0 = Release|Any CPU
		{360C08FF-3B8D-4219-8C27-F518C7CE6583}.Debug|Any CPU.ActiveCfg = Debug|Any CPU
		{360C08FF-3B8D-4219-8C27-F518C7CE6583}.Debug|Any CPU.Build.0 = Debug|Any CPU
		{360C08FF-3B8D-4219-8C27-F518C7CE6583}.Release|Any CPU.ActiveCfg = Release|Any CPU
		{360C08FF-3B8D-4219-8C27-F518C7CE6583}.Release|Any CPU.Build.0 = Release|Any CPU
		{EE10CEFC-CE2F-418D-A2F3-8760470828EB}.Debug|Any CPU.ActiveCfg = Debug|Any CPU
		{EE10CEFC-CE2F-418D-A2F3-8760470828EB}.Debug|Any CPU.Build.0 = Debug|Any CPU
		{EE10CEFC-CE2F-418D-A2F3-8760470828EB}.Release|Any CPU.ActiveCfg = Release|Any CPU
		{EE10CEFC-CE2F-418D-A2F3-8760470828EB}.Release|Any CPU.Build.0 = Release|Any CPU
		{7B8D297E-C164-4C9A-AF8D-6F417C9CC7E9}.Debug|Any CPU.ActiveCfg = Debug|Any CPU
		{7B8D297E-C164-4C9A-AF8D-6F417C9CC7E9}.Debug|Any CPU.Build.0 = Debug|Any CPU
		{7B8D297E-C164-4C9A-AF8D-6F417C9CC7E9}.Release|Any CPU.ActiveCfg = Release|Any CPU
		{7B8D297E-C164-4C9A-AF8D-6F417C9CC7E9}.Release|Any CPU.Build.0 = Release|Any CPU
		{00410DEC-5798-4E6D-B061-270CEB020F2E}.Debug|Any CPU.ActiveCfg = Debug|Any CPU
		{00410DEC-5798-4E6D-B061-270CEB020F2E}.Debug|Any CPU.Build.0 = Debug|Any CPU
		{00410DEC-5798-4E6D-B061-270CEB020F2E}.Release|Any CPU.ActiveCfg = Release|Any CPU
		{00410DEC-5798-4E6D-B061-270CEB020F2E}.Release|Any CPU.Build.0 = Release|Any CPU
		{D638A269-F324-414B-A578-CC313D7C0237}.Debug|Any CPU.ActiveCfg = Debug|Any CPU
		{D638A269-F324-414B-A578-CC313D7C0237}.Debug|Any CPU.Build.0 = Debug|Any CPU
		{D638A269-F324-414B-A578-CC313D7C0237}.Release|Any CPU.ActiveCfg = Release|Any CPU
		{D638A269-F324-414B-A578-CC313D7C0237}.Release|Any CPU.Build.0 = Release|Any CPU
		{50536EE1-0841-4B37-9B9F-D112609992DB}.Debug|Any CPU.ActiveCfg = Debug|Any CPU
		{50536EE1-0841-4B37-9B9F-D112609992DB}.Debug|Any CPU.Build.0 = Debug|Any CPU
		{50536EE1-0841-4B37-9B9F-D112609992DB}.Release|Any CPU.ActiveCfg = Release|Any CPU
		{50536EE1-0841-4B37-9B9F-D112609992DB}.Release|Any CPU.Build.0 = Release|Any CPU
		{B565C8BA-709D-4069-A0BF-AC8D824AB917}.Debug|Any CPU.ActiveCfg = Debug|Any CPU
		{B565C8BA-709D-4069-A0BF-AC8D824AB917}.Debug|Any CPU.Build.0 = Debug|Any CPU
		{B565C8BA-709D-4069-A0BF-AC8D824AB917}.Release|Any CPU.ActiveCfg = Release|Any CPU
		{B565C8BA-709D-4069-A0BF-AC8D824AB917}.Release|Any CPU.Build.0 = Release|Any CPU
		{959555A5-5F5D-4EE6-BA26-45DF0D43F7F3}.Debug|Any CPU.ActiveCfg = Debug|Any CPU
		{959555A5-5F5D-4EE6-BA26-45DF0D43F7F3}.Debug|Any CPU.Build.0 = Debug|Any CPU
		{959555A5-5F5D-4EE6-BA26-45DF0D43F7F3}.Release|Any CPU.ActiveCfg = Release|Any CPU
		{959555A5-5F5D-4EE6-BA26-45DF0D43F7F3}.Release|Any CPU.Build.0 = Release|Any CPU
		{29ABE3B8-439A-4C0C-BF85-470049E633A0}.Debug|Any CPU.ActiveCfg = Debug|Any CPU
		{29ABE3B8-439A-4C0C-BF85-470049E633A0}.Debug|Any CPU.Build.0 = Debug|Any CPU
		{29ABE3B8-439A-4C0C-BF85-470049E633A0}.Release|Any CPU.ActiveCfg = Release|Any CPU
		{29ABE3B8-439A-4C0C-BF85-470049E633A0}.Release|Any CPU.Build.0 = Release|Any CPU
		{681BD936-3CF5-451C-9892-F8887B63473B}.Debug|Any CPU.ActiveCfg = Debug|Any CPU
		{681BD936-3CF5-451C-9892-F8887B63473B}.Debug|Any CPU.Build.0 = Debug|Any CPU
		{681BD936-3CF5-451C-9892-F8887B63473B}.Release|Any CPU.ActiveCfg = Release|Any CPU
		{681BD936-3CF5-451C-9892-F8887B63473B}.Release|Any CPU.Build.0 = Release|Any CPU
	EndGlobalSection
	GlobalSection(SolutionProperties) = preSolution
		HideSolutionNode = FALSE
	EndGlobalSection
	GlobalSection(ExtensibilityGlobals) = postSolution
		SolutionGuid = {3DE6C577-6152-4D53-9A24-D8B3728FE343}
	EndGlobalSection
EndGlobal
