
Microsoft Visual Studio Solution File, Format Version 12.00
# Visual Studio Version 17
VisualStudioVersion = 17.4.33213.308
MinimumVisualStudioVersion = 10.0.40219.1
Project("{9A19103F-16F7-4668-BE54-9A1E7A4F7556}") = "TeamsChannel", "TeamsChannel.csproj", "{8D0F1034-7FDA-4B10-BBBA-7C3420F69AF7}"
EndProject
Project("{9A19103F-16F7-4668-BE54-9A1E7A4F7556}") = "Services.Tests", "..\Services.Tests\Services.Tests.csproj", "{C4733670-2E41-4D02-9E93-95522BFEF0EB}"
EndProject
Project("{9A19103F-16F7-4668-BE54-9A1E7A4F7556}") = "Hosts.FunctionBase", "..\..\..\Hosts.FunctionBase\Hosts.FunctionBase.csproj", "{655614F4-3B6A-4000-BFE3-81C17623A6E6}"
EndProject
Project("{9A19103F-16F7-4668-BE54-9A1E7A4F7556}") = "Entities", "..\..\..\Entities\Entities.csproj", "{FF202719-91A0-441B-9578-9AD0040F1E3B}"
EndProject
Global
	GlobalSection(SolutionConfigurationPlatforms) = preSolution
		Debug|Any CPU = Debug|Any CPU
		Release|Any CPU = Release|Any CPU
	EndGlobalSection
	GlobalSection(ProjectConfigurationPlatforms) = postSolution
		{8D0F1034-7FDA-4B10-BBBA-7C3420F69AF7}.Debug|Any CPU.ActiveCfg = Debug|Any CPU
		{8D0F1034-7FDA-4B10-BBBA-7C3420F69AF7}.Debug|Any CPU.Build.0 = Debug|Any CPU
		{8D0F1034-7FDA-4B10-BBBA-7C3420F69AF7}.Release|Any CPU.ActiveCfg = Release|Any CPU
		{8D0F1034-7FDA-4B10-BBBA-7C3420F69AF7}.Release|Any CPU.Build.0 = Release|Any CPU
		{C4733670-2E41-4D02-9E93-95522BFEF0EB}.Debug|Any CPU.ActiveCfg = Debug|Any CPU
		{C4733670-2E41-4D02-9E93-95522BFEF0EB}.Debug|Any CPU.Build.0 = Debug|Any CPU
		{C4733670-2E41-4D02-9E93-95522BFEF0EB}.Release|Any CPU.ActiveCfg = Release|Any CPU
		{C4733670-2E41-4D02-9E93-95522BFEF0EB}.Release|Any CPU.Build.0 = Release|Any CPU
		{655614F4-3B6A-4000-BFE3-81C17623A6E6}.Debug|Any CPU.ActiveCfg = Debug|Any CPU
		{655614F4-3B6A-4000-BFE3-81C17623A6E6}.Debug|Any CPU.Build.0 = Debug|Any CPU
		{655614F4-3B6A-4000-BFE3-81C17623A6E6}.Release|Any CPU.ActiveCfg = Release|Any CPU
		{655614F4-3B6A-4000-BFE3-81C17623A6E6}.Release|Any CPU.Build.0 = Release|Any CPU
		{FF202719-91A0-441B-9578-9AD0040F1E3B}.Debug|Any CPU.ActiveCfg = Debug|Any CPU
		{FF202719-91A0-441B-9578-9AD0040F1E3B}.Debug|Any CPU.Build.0 = Debug|Any CPU
		{FF202719-91A0-441B-9578-9AD0040F1E3B}.Release|Any CPU.ActiveCfg = Release|Any CPU
		{FF202719-91A0-441B-9578-9AD0040F1E3B}.Release|Any CPU.Build.0 = Release|Any CPU
	EndGlobalSection
	GlobalSection(SolutionProperties) = preSolution
		HideSolutionNode = FALSE
	EndGlobalSection
	GlobalSection(ExtensibilityGlobals) = postSolution
		SolutionGuid = {72415313-8692-4D29-8242-408662C6261C}
	EndGlobalSection
EndGlobal
