
Microsoft Visual Studio Solution File, Format Version 12.00
# Visual Studio Version 17
VisualStudioVersion = 17.4.33213.308
MinimumVisualStudioVersion = 10.0.40219.1
Project("{FAE04EC0-301F-11D3-BF4B-00C04F79EFBC}") = "TeamsChannel", "TeamsChannel.csproj", "{8D0F1034-7FDA-4B10-BBBA-7C3420F69AF7}"
EndProject
Project("{FAE04EC0-301F-11D3-BF4B-00C04F79EFBC}") = "Services.Tests", "..\Services.Tests\Services.Tests.csproj", "{C4733670-2E41-4D02-9E93-95522BFEF0EB}"
EndProject
Global
	GlobalSection(SolutionConfigurationPlatforms) = preSolution
		Debug|Any CPU = Debug|Any CPU
		Release|Any CPU = Release|Any CPU
	EndGlobalSection
	GlobalSection(ProjectConfigurationPlatforms) = postSolution
		{8D0F1034-7FDA-4B10-BBBA-7C3420F69AF7}.Debug|Any CPU.ActiveCfg = Debug|Any CPU
		{8D0F1034-7FDA-4B10-BBBA-7C3420F69AF7}.Debug|Any CPU.Build.0 = Debug|Any CPU
		{8D0F1034-7FDA-4B10-BBBA-7C3420F69AF7}.Release|Any CPU.ActiveCfg = Release|Any CPU
		{8D0F1034-7FDA-4B10-BBBA-7C3420F69AF7}.Release|Any CPU.Build.0 = Release|Any CPU
		{C4733670-2E41-4D02-9E93-95522BFEF0EB}.Debug|Any CPU.ActiveCfg = Debug|Any CPU
		{C4733670-2E41-4D02-9E93-95522BFEF0EB}.Debug|Any CPU.Build.0 = Debug|Any CPU
		{C4733670-2E41-4D02-9E93-95522BFEF0EB}.Release|Any CPU.ActiveCfg = Release|Any CPU
		{C4733670-2E41-4D02-9E93-95522BFEF0EB}.Release|Any CPU.Build.0 = Release|Any CPU
	EndGlobalSection
	GlobalSection(SolutionProperties) = preSolution
		HideSolutionNode = FALSE
	EndGlobalSection
	GlobalSection(ExtensibilityGlobals) = postSolution
		SolutionGuid = {72415313-8692-4D29-8242-408662C6261C}
	EndGlobalSection
EndGlobal
