
Microsoft Visual Studio Solution File, Format Version 12.00
# Visual Studio Version 16
VisualStudioVersion = 16.0.31229.75
MinimumVisualStudioVersion = 10.0.40219.1
Project("{9A19103F-16F7-4668-BE54-9A1E7A4F7556}") = "AzureUserReader", "AzureUserReader.csproj", "{400BEF72-9830-4951-A9B8-68B8A43EBC95}"
EndProject
Project("{9A19103F-16F7-4668-BE54-9A1E7A4F7556}") = "Hosts.FunctionBase", "..\..\..\Hosts.FunctionBase\Hosts.FunctionBase.csproj", "{7FE4E476-E408-4409-AA81-D670F34B47B4}"
EndProject
Project("{9A19103F-16F7-4668-BE54-9A1E7A4F7556}") = "DIConcreteTypes", "..\..\..\DIConcreteTypes\DIConcreteTypes.csproj", "{3580BF99-47C0-40AD-959C-43A22C3A54BC}"
EndProject
Project("{9A19103F-16F7-4668-BE54-9A1E7A4F7556}") = "Common.DependencyInjection", "..\..\..\Common.DependencyInjection\Common.DependencyInjection.csproj", "{3D98DFB3-6419-469E-8C0C-C73F13315D2B}"
EndProject
Project("{9A19103F-16F7-4668-BE54-9A1E7A4F7556}") = "Repositories.Contracts", "..\..\..\Repositories.Contracts\Repositories.Contracts.csproj", "{251F59E6-F457-4F2A-B0EB-2D599A1A51DC}"
EndProject
Project("{9A19103F-16F7-4668-BE54-9A1E7A4F7556}") = "Entities", "..\..\..\Entities\Entities.csproj", "{E8682E88-ED3B-4C5C-94A8-25D54A5476B9}"
EndProject
Project("{9A19103F-16F7-4668-BE54-9A1E7A4F7556}") = "Repositories.GraphAzureADUsers", "..\..\..\Repositories.GraphUsers\Repositories.GraphAzureADUsers.csproj", "{C9B0E939-0951-44D0-B40B-621F628DC28A}"
EndProject
Project("{9A19103F-16F7-4668-BE54-9A1E7A4F7556}") = "Repositories.Logging", "..\..\..\Repositories.Logging\Repositories.Logging.csproj", "{4A65AAD9-F67C-4718-88A4-D1DB410D828F}"
EndProject
Project("{FAE04EC0-301F-11D3-BF4B-00C04F79EFBC}") = "Services", "..\Services\Services.csproj", "{4161CF62-F27B-4DFC-8CDE-70DF48B17F72}"
EndProject
Project("{FAE04EC0-301F-11D3-BF4B-00C04F79EFBC}") = "Services.Contracts", "..\Services.Contracts\Services.Contracts.csproj", "{A18CEB22-BB14-433B-88F6-ECA6C9BF2D80}"
EndProject
Project("{FAE04EC0-301F-11D3-BF4B-00C04F79EFBC}") = "Services.Entities", "..\Services.Entities\Services.Entities.csproj", "{0AC3B028-E754-40B7-9283-3453C3F2F57D}"
EndProject
Project("{FAE04EC0-301F-11D3-BF4B-00C04F79EFBC}") = "Services.Tests", "..\Services.Tests\Services.Tests.csproj", "{4DCCFBC7-DDF6-49FE-8FAD-505425ABA2F8}"
EndProject
Global
	GlobalSection(SolutionConfigurationPlatforms) = preSolution
		Debug|Any CPU = Debug|Any CPU
		Release|Any CPU = Release|Any CPU
	EndGlobalSection
	GlobalSection(ProjectConfigurationPlatforms) = postSolution
		{400BEF72-9830-4951-A9B8-68B8A43EBC95}.Debug|Any CPU.ActiveCfg = Debug|Any CPU
		{400BEF72-9830-4951-A9B8-68B8A43EBC95}.Debug|Any CPU.Build.0 = Debug|Any CPU
		{400BEF72-9830-4951-A9B8-68B8A43EBC95}.Release|Any CPU.ActiveCfg = Release|Any CPU
		{400BEF72-9830-4951-A9B8-68B8A43EBC95}.Release|Any CPU.Build.0 = Release|Any CPU
		{7FE4E476-E408-4409-AA81-D670F34B47B4}.Debug|Any CPU.ActiveCfg = Debug|Any CPU
		{7FE4E476-E408-4409-AA81-D670F34B47B4}.Debug|Any CPU.Build.0 = Debug|Any CPU
		{7FE4E476-E408-4409-AA81-D670F34B47B4}.Release|Any CPU.ActiveCfg = Release|Any CPU
		{7FE4E476-E408-4409-AA81-D670F34B47B4}.Release|Any CPU.Build.0 = Release|Any CPU
		{3580BF99-47C0-40AD-959C-43A22C3A54BC}.Debug|Any CPU.ActiveCfg = Debug|Any CPU
		{3580BF99-47C0-40AD-959C-43A22C3A54BC}.Debug|Any CPU.Build.0 = Debug|Any CPU
		{3580BF99-47C0-40AD-959C-43A22C3A54BC}.Release|Any CPU.ActiveCfg = Release|Any CPU
		{3580BF99-47C0-40AD-959C-43A22C3A54BC}.Release|Any CPU.Build.0 = Release|Any CPU
		{3D98DFB3-6419-469E-8C0C-C73F13315D2B}.Debug|Any CPU.ActiveCfg = Debug|Any CPU
		{3D98DFB3-6419-469E-8C0C-C73F13315D2B}.Debug|Any CPU.Build.0 = Debug|Any CPU
		{3D98DFB3-6419-469E-8C0C-C73F13315D2B}.Release|Any CPU.ActiveCfg = Release|Any CPU
		{3D98DFB3-6419-469E-8C0C-C73F13315D2B}.Release|Any CPU.Build.0 = Release|Any CPU
		{251F59E6-F457-4F2A-B0EB-2D599A1A51DC}.Debug|Any CPU.ActiveCfg = Debug|Any CPU
		{251F59E6-F457-4F2A-B0EB-2D599A1A51DC}.Debug|Any CPU.Build.0 = Debug|Any CPU
		{251F59E6-F457-4F2A-B0EB-2D599A1A51DC}.Release|Any CPU.ActiveCfg = Release|Any CPU
		{251F59E6-F457-4F2A-B0EB-2D599A1A51DC}.Release|Any CPU.Build.0 = Release|Any CPU
		{E8682E88-ED3B-4C5C-94A8-25D54A5476B9}.Debug|Any CPU.ActiveCfg = Debug|Any CPU
		{E8682E88-ED3B-4C5C-94A8-25D54A5476B9}.Debug|Any CPU.Build.0 = Debug|Any CPU
		{E8682E88-ED3B-4C5C-94A8-25D54A5476B9}.Release|Any CPU.ActiveCfg = Release|Any CPU
		{E8682E88-ED3B-4C5C-94A8-25D54A5476B9}.Release|Any CPU.Build.0 = Release|Any CPU
		{C9B0E939-0951-44D0-B40B-621F628DC28A}.Debug|Any CPU.ActiveCfg = Debug|Any CPU
		{C9B0E939-0951-44D0-B40B-621F628DC28A}.Debug|Any CPU.Build.0 = Debug|Any CPU
		{C9B0E939-0951-44D0-B40B-621F628DC28A}.Release|Any CPU.ActiveCfg = Release|Any CPU
		{C9B0E939-0951-44D0-B40B-621F628DC28A}.Release|Any CPU.Build.0 = Release|Any CPU
		{4A65AAD9-F67C-4718-88A4-D1DB410D828F}.Debug|Any CPU.ActiveCfg = Debug|Any CPU
		{4A65AAD9-F67C-4718-88A4-D1DB410D828F}.Debug|Any CPU.Build.0 = Debug|Any CPU
		{4A65AAD9-F67C-4718-88A4-D1DB410D828F}.Release|Any CPU.ActiveCfg = Release|Any CPU
		{4A65AAD9-F67C-4718-88A4-D1DB410D828F}.Release|Any CPU.Build.0 = Release|Any CPU
		{4161CF62-F27B-4DFC-8CDE-70DF48B17F72}.Debug|Any CPU.ActiveCfg = Debug|Any CPU
		{4161CF62-F27B-4DFC-8CDE-70DF48B17F72}.Debug|Any CPU.Build.0 = Debug|Any CPU
		{4161CF62-F27B-4DFC-8CDE-70DF48B17F72}.Release|Any CPU.ActiveCfg = Release|Any CPU
		{4161CF62-F27B-4DFC-8CDE-70DF48B17F72}.Release|Any CPU.Build.0 = Release|Any CPU
		{A18CEB22-BB14-433B-88F6-ECA6C9BF2D80}.Debug|Any CPU.ActiveCfg = Debug|Any CPU
		{A18CEB22-BB14-433B-88F6-ECA6C9BF2D80}.Debug|Any CPU.Build.0 = Debug|Any CPU
		{A18CEB22-BB14-433B-88F6-ECA6C9BF2D80}.Release|Any CPU.ActiveCfg = Release|Any CPU
		{A18CEB22-BB14-433B-88F6-ECA6C9BF2D80}.Release|Any CPU.Build.0 = Release|Any CPU
		{0AC3B028-E754-40B7-9283-3453C3F2F57D}.Debug|Any CPU.ActiveCfg = Debug|Any CPU
		{0AC3B028-E754-40B7-9283-3453C3F2F57D}.Debug|Any CPU.Build.0 = Debug|Any CPU
		{0AC3B028-E754-40B7-9283-3453C3F2F57D}.Release|Any CPU.ActiveCfg = Release|Any CPU
		{0AC3B028-E754-40B7-9283-3453C3F2F57D}.Release|Any CPU.Build.0 = Release|Any CPU
		{4DCCFBC7-DDF6-49FE-8FAD-505425ABA2F8}.Debug|Any CPU.ActiveCfg = Debug|Any CPU
		{4DCCFBC7-DDF6-49FE-8FAD-505425ABA2F8}.Debug|Any CPU.Build.0 = Debug|Any CPU
		{4DCCFBC7-DDF6-49FE-8FAD-505425ABA2F8}.Release|Any CPU.ActiveCfg = Release|Any CPU
		{4DCCFBC7-DDF6-49FE-8FAD-505425ABA2F8}.Release|Any CPU.Build.0 = Release|Any CPU
	EndGlobalSection
	GlobalSection(SolutionProperties) = preSolution
		HideSolutionNode = FALSE
	EndGlobalSection
	GlobalSection(ExtensibilityGlobals) = postSolution
		SolutionGuid = {8DAFB8F0-71F2-4753-A8DC-93259DFBB915}
	EndGlobalSection
EndGlobal
