
Microsoft Visual Studio Solution File, Format Version 12.00
# Visual Studio Version 17
VisualStudioVersion = 17.2.32519.379
MinimumVisualStudioVersion = 10.0.40219.1
Project("{9A19103F-16F7-4668-BE54-9A1E7A4F7556}") = "WebAppWithAuth", "WebAppWithAuth.csproj", "{055218D6-8B0F-4CF3-934D-20E6CB3BAB38}"
EndProject
Global
	GlobalSection(SolutionConfigurationPlatforms) = preSolution
		Debug|Any CPU = Debug|Any CPU
		Release|Any CPU = Release|Any CPU
	EndGlobalSection
	GlobalSection(ProjectConfigurationPlatforms) = postSolution
		{055218D6-8B0F-4CF3-934D-20E6CB3BAB38}.Debug|Any CPU.ActiveCfg = Debug|Any CPU
		{055218D6-8B0F-4CF3-934D-20E6CB3BAB38}.Debug|Any CPU.Build.0 = Debug|Any CPU
		{055218D6-8B0F-4CF3-934D-20E6CB3BAB38}.Release|Any CPU.ActiveCfg = Release|Any CPU
		{055218D6-8B0F-4CF3-934D-20E6CB3BAB38}.Release|Any CPU.Build.0 = Release|Any CPU
	EndGlobalSection
	GlobalSection(SolutionProperties) = preSolution
		HideSolutionNode = FALSE
	EndGlobalSection
	GlobalSection(ExtensibilityGlobals) = postSolution
		SolutionGuid = {4863FA41-31AA-4420-8618-7E9F9F112C08}
	EndGlobalSection
EndGlobal
