
Microsoft Visual Studio Solution File, Format Version 12.00
# Visual Studio Version 17
VisualStudioVersion = 17.6.33829.357
MinimumVisualStudioVersion = 10.0.40219.1
Project("{9A19103F-16F7-4668-BE54-9A1E7A4F7556}") = "SqlMembershipObtainer.Entities", "SqlMembershipObtainer.Entities.csproj", "{FF804272-C724-4E31-8298-F04CFCCB9210}"
EndProject
Global
	GlobalSection(SolutionConfigurationPlatforms) = preSolution
		Debug|Any CPU = Debug|Any CPU
		Release|Any CPU = Release|Any CPU
	EndGlobalSection
	GlobalSection(ProjectConfigurationPlatforms) = postSolution
		{FF804272-C724-4E31-8298-F04CFCCB9210}.Debug|Any CPU.ActiveCfg = Debug|Any CPU
		{FF804272-C724-4E31-8298-F04CFCCB9210}.Debug|Any CPU.Build.0 = Debug|Any CPU
		{FF804272-C724-4E31-8298-F04CFCCB9210}.Release|Any CPU.ActiveCfg = Release|Any CPU
		{FF804272-C724-4E31-8298-F04CFCCB9210}.Release|Any CPU.Build.0 = Release|Any CPU
	EndGlobalSection
	GlobalSection(SolutionProperties) = preSolution
		HideSolutionNode = FALSE
	EndGlobalSection
	GlobalSection(ExtensibilityGlobals) = postSolution
		SolutionGuid = {6C3673CD-DCBE-4F1A-93E0-9FCF06E16A2E}
	EndGlobalSection
EndGlobal
