
Microsoft Visual Studio Solution File, Format Version 12.00
# Visual Studio Version 17
VisualStudioVersion = 17.4.33213.308
MinimumVisualStudioVersion = 10.0.40219.1
Project("{9A19103F-16F7-4668-BE54-9A1E7A4F7556}") = "TeamsChannelUpdater", "TeamsChannelUpdater.csproj", "{8D0F1034-7FDA-4B10-BBBA-7C3420F69AF7}"
EndProject
Project("{9A19103F-16F7-4668-BE54-9A1E7A4F7556}") = "Hosts.FunctionBase", "..\..\..\Hosts.FunctionBase\Hosts.FunctionBase.csproj", "{655614F4-3B6A-4000-BFE3-81C17623A6E6}"
EndProject
Project("{9A19103F-16F7-4668-BE54-9A1E7A4F7556}") = "Entities", "..\..\..\Entities\Entities.csproj", "{FF202719-91A0-441B-9578-9AD0040F1E3B}"
EndProject
Project("{9A19103F-16F7-4668-BE54-9A1E7A4F7556}") = "Repositories.BlobStorage", "..\..\..\Repositories.BlobStorage\Repositories.BlobStorage.csproj", "{8F6B63D9-7897-4D9D-81F1-BA6CD94C8BC2}"
EndProject
Project("{9A19103F-16F7-4668-BE54-9A1E7A4F7556}") = "Repositories.TeamsChannel", "..\..\..\Repositories.TeamsChannel\Repositories.TeamsChannel.csproj", "{D1F39806-109C-4DD0-8157-2A577080217F}"
EndProject
Project("{2150E333-8FDC-42A3-9474-1A3956D46DE8}") = "Solution Items", "Solution Items", "{31BB4E04-7D24-4804-9B28-B898851A7F2F}"
EndProject
Project("{9A19103F-16F7-4668-BE54-9A1E7A4F7556}") = "Repositories.Contracts", "..\..\..\Repositories.Contracts\Repositories.Contracts.csproj", "{00861DE8-0F16-493C-944F-4460812F2C5D}"
EndProject
Project("{9A19103F-16F7-4668-BE54-9A1E7A4F7556}") = "Models", "..\..\..\Models\Models.csproj", "{CBC25C60-AC6F-44EB-970C-C026DF019561}"
EndProject
Project("{9A19103F-16F7-4668-BE54-9A1E7A4F7556}") = "Repositories.Logging", "..\..\..\Repositories.Logging\Repositories.Logging.csproj", "{3EEADB18-8A3A-4AAC-8BB5-13BB8B47524E}"
EndProject
Project("{9A19103F-16F7-4668-BE54-9A1E7A4F7556}") = "Repositories.SyncJobRepository", "..\..\..\Repositories.SyncJobs\Repositories.SyncJobRepository.csproj", "{82BBD531-138E-4C86-8C72-56B2E982BD40}"
EndProject
Project("{9A19103F-16F7-4668-BE54-9A1E7A4F7556}") = "Common.DependencyInjection", "..\..\..\Common.DependencyInjection\Common.DependencyInjection.csproj", "{5C683B9D-E546-4FA0-87F8-242342EC5BA8}"
EndProject
Project("{9A19103F-16F7-4668-BE54-9A1E7A4F7556}") = "Repositories.NotificationRepository", "..\..\..\Repositories.Notifications\Repositories.NotificationRepository.csproj", "{9AD0DD4C-01FB-40A1-9A9E-BBDC2DD74EB7}"
EndProject
Project("{9A19103F-16F7-4668-BE54-9A1E7A4F7556}") = "Services.TeamsChannelUpdater", "..\Services.TeamsChannelUpdater\Services.TeamsChannelUpdater.csproj", "{FC7E66B0-A134-4041-867E-370834F2C0D1}"
EndProject
Project("{9A19103F-16F7-4668-BE54-9A1E7A4F7556}") = "Services.TeamsChannelUpdater.Contracts", "..\Services.TeamsChannelUpdater.Contracts\Services.TeamsChannelUpdater.Contracts.csproj", "{46E07EED-A68C-4850-9AA5-89BEB144B028}"
EndProject
Project("{9A19103F-16F7-4668-BE54-9A1E7A4F7556}") = "Repositories.FeatureFlag", "..\..\..\Repositories.FeatureFlag\Repositories.FeatureFlag.csproj", "{33B29DF9-FD54-44B5-B2D5-6D3E308FE1A0}"
EndProject
Project("{9A19103F-16F7-4668-BE54-9A1E7A4F7556}") = "Repositories.ServiceBusQueue", "..\..\..\Repositories.ServiceBusQueue\Repositories.ServiceBusQueue.csproj", "{697ED894-3F73-42F9-9AA7-04B5C75B0A3F}"
EndProject
Project("{9A19103F-16F7-4668-BE54-9A1E7A4F7556}") = "Repositories.EntityFramework", "..\..\..\Repositories.EntityFramework\Repositories.EntityFramework.csproj", "{605D2AFB-D8AA-48A7-AE57-269E9CE52A52}"
EndProject
Project("{9A19103F-16F7-4668-BE54-9A1E7A4F7556}") = "Services.Tests", "..\Services.Tests\Services.Tests.csproj", "{7ABADB8C-B9FD-4D46-A574-0663D4C15BEC}"
EndProject
Project("{9A19103F-16F7-4668-BE54-9A1E7A4F7556}") = "Repositories.EntityFramework.Contexts", "..\..\..\Repositories.EntityFramework.Contexts\Repositories.EntityFramework.Contexts.csproj", "{F875003D-E78F-4CE5-91DF-1B52142F7191}"
EndProject
Global
	GlobalSection(SolutionConfigurationPlatforms) = preSolution
		Debug|Any CPU = Debug|Any CPU
		Release|Any CPU = Release|Any CPU
	EndGlobalSection
	GlobalSection(ProjectConfigurationPlatforms) = postSolution
		{8D0F1034-7FDA-4B10-BBBA-7C3420F69AF7}.Debug|Any CPU.ActiveCfg = Debug|Any CPU
		{8D0F1034-7FDA-4B10-BBBA-7C3420F69AF7}.Debug|Any CPU.Build.0 = Debug|Any CPU
		{8D0F1034-7FDA-4B10-BBBA-7C3420F69AF7}.Release|Any CPU.ActiveCfg = Release|Any CPU
		{8D0F1034-7FDA-4B10-BBBA-7C3420F69AF7}.Release|Any CPU.Build.0 = Release|Any CPU
		{655614F4-3B6A-4000-BFE3-81C17623A6E6}.Debug|Any CPU.ActiveCfg = Debug|Any CPU
		{655614F4-3B6A-4000-BFE3-81C17623A6E6}.Debug|Any CPU.Build.0 = Debug|Any CPU
		{655614F4-3B6A-4000-BFE3-81C17623A6E6}.Release|Any CPU.ActiveCfg = Release|Any CPU
		{655614F4-3B6A-4000-BFE3-81C17623A6E6}.Release|Any CPU.Build.0 = Release|Any CPU
		{FF202719-91A0-441B-9578-9AD0040F1E3B}.Debug|Any CPU.ActiveCfg = Debug|Any CPU
		{FF202719-91A0-441B-9578-9AD0040F1E3B}.Debug|Any CPU.Build.0 = Debug|Any CPU
		{FF202719-91A0-441B-9578-9AD0040F1E3B}.Release|Any CPU.ActiveCfg = Release|Any CPU
		{FF202719-91A0-441B-9578-9AD0040F1E3B}.Release|Any CPU.Build.0 = Release|Any CPU
		{8F6B63D9-7897-4D9D-81F1-BA6CD94C8BC2}.Debug|Any CPU.ActiveCfg = Debug|Any CPU
		{8F6B63D9-7897-4D9D-81F1-BA6CD94C8BC2}.Debug|Any CPU.Build.0 = Debug|Any CPU
		{8F6B63D9-7897-4D9D-81F1-BA6CD94C8BC2}.Release|Any CPU.ActiveCfg = Release|Any CPU
		{8F6B63D9-7897-4D9D-81F1-BA6CD94C8BC2}.Release|Any CPU.Build.0 = Release|Any CPU
		{D1F39806-109C-4DD0-8157-2A577080217F}.Debug|Any CPU.ActiveCfg = Debug|Any CPU
		{D1F39806-109C-4DD0-8157-2A577080217F}.Debug|Any CPU.Build.0 = Debug|Any CPU
		{D1F39806-109C-4DD0-8157-2A577080217F}.Release|Any CPU.ActiveCfg = Release|Any CPU
		{D1F39806-109C-4DD0-8157-2A577080217F}.Release|Any CPU.Build.0 = Release|Any CPU
		{00861DE8-0F16-493C-944F-4460812F2C5D}.Debug|Any CPU.ActiveCfg = Debug|Any CPU
		{00861DE8-0F16-493C-944F-4460812F2C5D}.Debug|Any CPU.Build.0 = Debug|Any CPU
		{00861DE8-0F16-493C-944F-4460812F2C5D}.Release|Any CPU.ActiveCfg = Release|Any CPU
		{00861DE8-0F16-493C-944F-4460812F2C5D}.Release|Any CPU.Build.0 = Release|Any CPU
		{CBC25C60-AC6F-44EB-970C-C026DF019561}.Debug|Any CPU.ActiveCfg = Debug|Any CPU
		{CBC25C60-AC6F-44EB-970C-C026DF019561}.Debug|Any CPU.Build.0 = Debug|Any CPU
		{CBC25C60-AC6F-44EB-970C-C026DF019561}.Release|Any CPU.ActiveCfg = Release|Any CPU
		{CBC25C60-AC6F-44EB-970C-C026DF019561}.Release|Any CPU.Build.0 = Release|Any CPU
		{3EEADB18-8A3A-4AAC-8BB5-13BB8B47524E}.Debug|Any CPU.ActiveCfg = Debug|Any CPU
		{3EEADB18-8A3A-4AAC-8BB5-13BB8B47524E}.Debug|Any CPU.Build.0 = Debug|Any CPU
		{3EEADB18-8A3A-4AAC-8BB5-13BB8B47524E}.Release|Any CPU.ActiveCfg = Release|Any CPU
		{3EEADB18-8A3A-4AAC-8BB5-13BB8B47524E}.Release|Any CPU.Build.0 = Release|Any CPU
		{82BBD531-138E-4C86-8C72-56B2E982BD40}.Debug|Any CPU.ActiveCfg = Debug|Any CPU
		{82BBD531-138E-4C86-8C72-56B2E982BD40}.Debug|Any CPU.Build.0 = Debug|Any CPU
		{82BBD531-138E-4C86-8C72-56B2E982BD40}.Release|Any CPU.ActiveCfg = Release|Any CPU
		{82BBD531-138E-4C86-8C72-56B2E982BD40}.Release|Any CPU.Build.0 = Release|Any CPU
		{5C683B9D-E546-4FA0-87F8-242342EC5BA8}.Debug|Any CPU.ActiveCfg = Debug|Any CPU
		{5C683B9D-E546-4FA0-87F8-242342EC5BA8}.Debug|Any CPU.Build.0 = Debug|Any CPU
		{5C683B9D-E546-4FA0-87F8-242342EC5BA8}.Release|Any CPU.ActiveCfg = Release|Any CPU
		{5C683B9D-E546-4FA0-87F8-242342EC5BA8}.Release|Any CPU.Build.0 = Release|Any CPU
		{9AD0DD4C-01FB-40A1-9A9E-BBDC2DD74EB7}.Debug|Any CPU.ActiveCfg = Debug|Any CPU
		{9AD0DD4C-01FB-40A1-9A9E-BBDC2DD74EB7}.Debug|Any CPU.Build.0 = Debug|Any CPU
		{9AD0DD4C-01FB-40A1-9A9E-BBDC2DD74EB7}.Release|Any CPU.ActiveCfg = Release|Any CPU
		{9AD0DD4C-01FB-40A1-9A9E-BBDC2DD74EB7}.Release|Any CPU.Build.0 = Release|Any CPU
		{FC7E66B0-A134-4041-867E-370834F2C0D1}.Debug|Any CPU.ActiveCfg = Debug|Any CPU
		{FC7E66B0-A134-4041-867E-370834F2C0D1}.Debug|Any CPU.Build.0 = Debug|Any CPU
		{FC7E66B0-A134-4041-867E-370834F2C0D1}.Release|Any CPU.ActiveCfg = Release|Any CPU
		{FC7E66B0-A134-4041-867E-370834F2C0D1}.Release|Any CPU.Build.0 = Release|Any CPU
		{46E07EED-A68C-4850-9AA5-89BEB144B028}.Debug|Any CPU.ActiveCfg = Debug|Any CPU
		{46E07EED-A68C-4850-9AA5-89BEB144B028}.Debug|Any CPU.Build.0 = Debug|Any CPU
		{46E07EED-A68C-4850-9AA5-89BEB144B028}.Release|Any CPU.ActiveCfg = Release|Any CPU
		{46E07EED-A68C-4850-9AA5-89BEB144B028}.Release|Any CPU.Build.0 = Release|Any CPU
		{33B29DF9-FD54-44B5-B2D5-6D3E308FE1A0}.Debug|Any CPU.ActiveCfg = Debug|Any CPU
		{33B29DF9-FD54-44B5-B2D5-6D3E308FE1A0}.Debug|Any CPU.Build.0 = Debug|Any CPU
		{33B29DF9-FD54-44B5-B2D5-6D3E308FE1A0}.Release|Any CPU.ActiveCfg = Release|Any CPU
		{33B29DF9-FD54-44B5-B2D5-6D3E308FE1A0}.Release|Any CPU.Build.0 = Release|Any CPU
		{697ED894-3F73-42F9-9AA7-04B5C75B0A3F}.Debug|Any CPU.ActiveCfg = Debug|Any CPU
		{697ED894-3F73-42F9-9AA7-04B5C75B0A3F}.Debug|Any CPU.Build.0 = Debug|Any CPU
		{697ED894-3F73-42F9-9AA7-04B5C75B0A3F}.Release|Any CPU.ActiveCfg = Release|Any CPU
		{697ED894-3F73-42F9-9AA7-04B5C75B0A3F}.Release|Any CPU.Build.0 = Release|Any CPU
		{605D2AFB-D8AA-48A7-AE57-269E9CE52A52}.Debug|Any CPU.ActiveCfg = Debug|Any CPU
		{605D2AFB-D8AA-48A7-AE57-269E9CE52A52}.Debug|Any CPU.Build.0 = Debug|Any CPU
		{605D2AFB-D8AA-48A7-AE57-269E9CE52A52}.Release|Any CPU.ActiveCfg = Release|Any CPU
		{605D2AFB-D8AA-48A7-AE57-269E9CE52A52}.Release|Any CPU.Build.0 = Release|Any CPU
		{7ABADB8C-B9FD-4D46-A574-0663D4C15BEC}.Debug|Any CPU.ActiveCfg = Debug|Any CPU
		{7ABADB8C-B9FD-4D46-A574-0663D4C15BEC}.Debug|Any CPU.Build.0 = Debug|Any CPU
		{7ABADB8C-B9FD-4D46-A574-0663D4C15BEC}.Release|Any CPU.ActiveCfg = Release|Any CPU
		{7ABADB8C-B9FD-4D46-A574-0663D4C15BEC}.Release|Any CPU.Build.0 = Release|Any CPU
		{F875003D-E78F-4CE5-91DF-1B52142F7191}.Debug|Any CPU.ActiveCfg = Debug|Any CPU
		{F875003D-E78F-4CE5-91DF-1B52142F7191}.Debug|Any CPU.Build.0 = Debug|Any CPU
		{F875003D-E78F-4CE5-91DF-1B52142F7191}.Release|Any CPU.ActiveCfg = Release|Any CPU
		{F875003D-E78F-4CE5-91DF-1B52142F7191}.Release|Any CPU.Build.0 = Release|Any CPU
	EndGlobalSection
	GlobalSection(SolutionProperties) = preSolution
		HideSolutionNode = FALSE
	EndGlobalSection
	GlobalSection(ExtensibilityGlobals) = postSolution
		SolutionGuid = {72415313-8692-4D29-8242-408662C6261C}
	EndGlobalSection
EndGlobal
