
Microsoft Visual Studio Solution File, Format Version 12.00
# Visual Studio Version 17
VisualStudioVersion = 17.1.32414.318
MinimumVisualStudioVersion = 10.0.40219.1
Project("{9A19103F-16F7-4668-BE54-9A1E7A4F7556}") = "MembershipAggregator", "MembershipAggregator.csproj", "{AFD441FD-881C-4002-BA76-177305EC69D9}"
EndProject
Project("{9A19103F-16F7-4668-BE54-9A1E7A4F7556}") = "Repositories.Contracts", "..\..\..\Repositories.Contracts\Repositories.Contracts.csproj", "{08A97ED1-E8E7-4603-AAE8-F2E07633814A}"
EndProject
Project("{9A19103F-16F7-4668-BE54-9A1E7A4F7556}") = "Hosts.FunctionBase", "..\..\..\Hosts.FunctionBase\Hosts.FunctionBase.csproj", "{BE87E7C3-F134-4515-A337-F1675C31C88A}"
EndProject
Project("{9A19103F-16F7-4668-BE54-9A1E7A4F7556}") = "Entities", "..\..\..\Entities\Entities.csproj", "{2B77E3B2-1622-4B3F-988C-24428B7EA459}"
EndProject
Project("{9A19103F-16F7-4668-BE54-9A1E7A4F7556}") = "Repositories.BlobStorage", "..\..\..\Repositories.BlobStorage\Repositories.BlobStorage.csproj", "{E06B31B4-1A49-4FFB-BAE7-E856066900D1}"
EndProject
Project("{9A19103F-16F7-4668-BE54-9A1E7A4F7556}") = "Repositories.Logging", "..\..\..\Repositories.Logging\Repositories.Logging.csproj", "{62A7A70B-A3AA-4ED1-B761-53C9467E545D}"
EndProject
Project("{9A19103F-16F7-4668-BE54-9A1E7A4F7556}") = "Services.Tests", "..\Services.Tests\Services.Tests.csproj", "{9BB4387A-58A5-4FB5-A0FE-4ACDC1046379}"
EndProject
Project("{9A19103F-16F7-4668-BE54-9A1E7A4F7556}") = "Services", "..\Services\Services.csproj", "{70811E4C-B7FA-4228-8C92-F1A2CF932862}"
EndProject
Project("{9A19103F-16F7-4668-BE54-9A1E7A4F7556}") = "Services.Contracts", "..\Services.Contracts\Services.Contracts.csproj", "{F78E0E5E-1E40-4F20-A908-3E938FFEF2D1}"
EndProject
Project("{9A19103F-16F7-4668-BE54-9A1E7A4F7556}") = "Services.Entities", "..\Services.Entities\Services.Entities.csproj", "{89692E63-BBD8-47E8-9D6E-CBBFEF751788}"
EndProject
Project("{9A19103F-16F7-4668-BE54-9A1E7A4F7556}") = "Repositories.GraphAzureADGroups", "..\..\..\Repositories.GraphGroups\Repositories.GraphAzureADGroups.csproj", "{2D7DA9E0-600C-4FD3-A62B-409C80D5F859}"
EndProject
Project("{9A19103F-16F7-4668-BE54-9A1E7A4F7556}") = "Models", "..\..\..\Models\Models.csproj", "{19BF43FB-E8C1-4701-8F55-D73A5A1E9E5D}"
EndProject
Project("{9A19103F-16F7-4668-BE54-9A1E7A4F7556}") = "DIConcreteTypes", "..\..\..\DIConcreteTypes\DIConcreteTypes.csproj", "{B56BC7BA-4F7E-44EC-BE72-7C8DD8F23B4D}"
EndProject
Project("{9A19103F-16F7-4668-BE54-9A1E7A4F7556}") = "Repositories.NotificationRepository", "..\..\..\Repositories.Notifications\Repositories.NotificationRepository.csproj", "{63C840D2-CE0C-4308-BEB6-35B49AF7B276}"
EndProject
Project("{9A19103F-16F7-4668-BE54-9A1E7A4F7556}") = "Common.DependencyInjection", "..\..\..\Common.DependencyInjection\Common.DependencyInjection.csproj", "{44D425F3-7883-4014-A3A7-108807522C51}"
EndProject
Project("{9A19103F-16F7-4668-BE54-9A1E7A4F7556}") = "Repositories.SyncJobRepository", "..\..\..\Repositories.SyncJobs\Repositories.SyncJobRepository.csproj", "{45C2422C-9C9E-4545-9C79-F28946579F79}"
EndProject
Global
	GlobalSection(SolutionConfigurationPlatforms) = preSolution
		Debug|Any CPU = Debug|Any CPU
		Release|Any CPU = Release|Any CPU
	EndGlobalSection
	GlobalSection(ProjectConfigurationPlatforms) = postSolution
		{AFD441FD-881C-4002-BA76-177305EC69D9}.Debug|Any CPU.ActiveCfg = Debug|Any CPU
		{AFD441FD-881C-4002-BA76-177305EC69D9}.Debug|Any CPU.Build.0 = Debug|Any CPU
		{AFD441FD-881C-4002-BA76-177305EC69D9}.Release|Any CPU.ActiveCfg = Release|Any CPU
		{AFD441FD-881C-4002-BA76-177305EC69D9}.Release|Any CPU.Build.0 = Release|Any CPU
		{08A97ED1-E8E7-4603-AAE8-F2E07633814A}.Debug|Any CPU.ActiveCfg = Debug|Any CPU
		{08A97ED1-E8E7-4603-AAE8-F2E07633814A}.Debug|Any CPU.Build.0 = Debug|Any CPU
		{08A97ED1-E8E7-4603-AAE8-F2E07633814A}.Release|Any CPU.ActiveCfg = Release|Any CPU
		{08A97ED1-E8E7-4603-AAE8-F2E07633814A}.Release|Any CPU.Build.0 = Release|Any CPU
		{BE87E7C3-F134-4515-A337-F1675C31C88A}.Debug|Any CPU.ActiveCfg = Debug|Any CPU
		{BE87E7C3-F134-4515-A337-F1675C31C88A}.Debug|Any CPU.Build.0 = Debug|Any CPU
		{BE87E7C3-F134-4515-A337-F1675C31C88A}.Release|Any CPU.ActiveCfg = Release|Any CPU
		{BE87E7C3-F134-4515-A337-F1675C31C88A}.Release|Any CPU.Build.0 = Release|Any CPU
		{2B77E3B2-1622-4B3F-988C-24428B7EA459}.Debug|Any CPU.ActiveCfg = Debug|Any CPU
		{2B77E3B2-1622-4B3F-988C-24428B7EA459}.Debug|Any CPU.Build.0 = Debug|Any CPU
		{2B77E3B2-1622-4B3F-988C-24428B7EA459}.Release|Any CPU.ActiveCfg = Release|Any CPU
		{2B77E3B2-1622-4B3F-988C-24428B7EA459}.Release|Any CPU.Build.0 = Release|Any CPU
		{E06B31B4-1A49-4FFB-BAE7-E856066900D1}.Debug|Any CPU.ActiveCfg = Debug|Any CPU
		{E06B31B4-1A49-4FFB-BAE7-E856066900D1}.Debug|Any CPU.Build.0 = Debug|Any CPU
		{E06B31B4-1A49-4FFB-BAE7-E856066900D1}.Release|Any CPU.ActiveCfg = Release|Any CPU
		{E06B31B4-1A49-4FFB-BAE7-E856066900D1}.Release|Any CPU.Build.0 = Release|Any CPU
		{62A7A70B-A3AA-4ED1-B761-53C9467E545D}.Debug|Any CPU.ActiveCfg = Debug|Any CPU
		{62A7A70B-A3AA-4ED1-B761-53C9467E545D}.Debug|Any CPU.Build.0 = Debug|Any CPU
		{62A7A70B-A3AA-4ED1-B761-53C9467E545D}.Release|Any CPU.ActiveCfg = Release|Any CPU
		{62A7A70B-A3AA-4ED1-B761-53C9467E545D}.Release|Any CPU.Build.0 = Release|Any CPU
		{9BB4387A-58A5-4FB5-A0FE-4ACDC1046379}.Debug|Any CPU.ActiveCfg = Debug|Any CPU
		{9BB4387A-58A5-4FB5-A0FE-4ACDC1046379}.Debug|Any CPU.Build.0 = Debug|Any CPU
		{9BB4387A-58A5-4FB5-A0FE-4ACDC1046379}.Release|Any CPU.ActiveCfg = Release|Any CPU
		{9BB4387A-58A5-4FB5-A0FE-4ACDC1046379}.Release|Any CPU.Build.0 = Release|Any CPU
		{70811E4C-B7FA-4228-8C92-F1A2CF932862}.Debug|Any CPU.ActiveCfg = Debug|Any CPU
		{70811E4C-B7FA-4228-8C92-F1A2CF932862}.Debug|Any CPU.Build.0 = Debug|Any CPU
		{70811E4C-B7FA-4228-8C92-F1A2CF932862}.Release|Any CPU.ActiveCfg = Release|Any CPU
		{70811E4C-B7FA-4228-8C92-F1A2CF932862}.Release|Any CPU.Build.0 = Release|Any CPU
		{F78E0E5E-1E40-4F20-A908-3E938FFEF2D1}.Debug|Any CPU.ActiveCfg = Debug|Any CPU
		{F78E0E5E-1E40-4F20-A908-3E938FFEF2D1}.Debug|Any CPU.Build.0 = Debug|Any CPU
		{F78E0E5E-1E40-4F20-A908-3E938FFEF2D1}.Release|Any CPU.ActiveCfg = Release|Any CPU
		{F78E0E5E-1E40-4F20-A908-3E938FFEF2D1}.Release|Any CPU.Build.0 = Release|Any CPU
		{89692E63-BBD8-47E8-9D6E-CBBFEF751788}.Debug|Any CPU.ActiveCfg = Debug|Any CPU
		{89692E63-BBD8-47E8-9D6E-CBBFEF751788}.Debug|Any CPU.Build.0 = Debug|Any CPU
		{89692E63-BBD8-47E8-9D6E-CBBFEF751788}.Release|Any CPU.ActiveCfg = Release|Any CPU
		{89692E63-BBD8-47E8-9D6E-CBBFEF751788}.Release|Any CPU.Build.0 = Release|Any CPU
		{2D7DA9E0-600C-4FD3-A62B-409C80D5F859}.Debug|Any CPU.ActiveCfg = Debug|Any CPU
		{2D7DA9E0-600C-4FD3-A62B-409C80D5F859}.Debug|Any CPU.Build.0 = Debug|Any CPU
		{2D7DA9E0-600C-4FD3-A62B-409C80D5F859}.Release|Any CPU.ActiveCfg = Release|Any CPU
		{2D7DA9E0-600C-4FD3-A62B-409C80D5F859}.Release|Any CPU.Build.0 = Release|Any CPU
		{19BF43FB-E8C1-4701-8F55-D73A5A1E9E5D}.Debug|Any CPU.ActiveCfg = Debug|Any CPU
		{19BF43FB-E8C1-4701-8F55-D73A5A1E9E5D}.Debug|Any CPU.Build.0 = Debug|Any CPU
		{19BF43FB-E8C1-4701-8F55-D73A5A1E9E5D}.Release|Any CPU.ActiveCfg = Release|Any CPU
		{19BF43FB-E8C1-4701-8F55-D73A5A1E9E5D}.Release|Any CPU.Build.0 = Release|Any CPU
		{B56BC7BA-4F7E-44EC-BE72-7C8DD8F23B4D}.Debug|Any CPU.ActiveCfg = Debug|Any CPU
		{B56BC7BA-4F7E-44EC-BE72-7C8DD8F23B4D}.Debug|Any CPU.Build.0 = Debug|Any CPU
		{B56BC7BA-4F7E-44EC-BE72-7C8DD8F23B4D}.Release|Any CPU.ActiveCfg = Release|Any CPU
		{B56BC7BA-4F7E-44EC-BE72-7C8DD8F23B4D}.Release|Any CPU.Build.0 = Release|Any CPU
		{63C840D2-CE0C-4308-BEB6-35B49AF7B276}.Debug|Any CPU.ActiveCfg = Debug|Any CPU
		{63C840D2-CE0C-4308-BEB6-35B49AF7B276}.Debug|Any CPU.Build.0 = Debug|Any CPU
		{63C840D2-CE0C-4308-BEB6-35B49AF7B276}.Release|Any CPU.ActiveCfg = Release|Any CPU
		{63C840D2-CE0C-4308-BEB6-35B49AF7B276}.Release|Any CPU.Build.0 = Release|Any CPU
		{44D425F3-7883-4014-A3A7-108807522C51}.Debug|Any CPU.ActiveCfg = Debug|Any CPU
		{44D425F3-7883-4014-A3A7-108807522C51}.Debug|Any CPU.Build.0 = Debug|Any CPU
		{44D425F3-7883-4014-A3A7-108807522C51}.Release|Any CPU.ActiveCfg = Release|Any CPU
		{44D425F3-7883-4014-A3A7-108807522C51}.Release|Any CPU.Build.0 = Release|Any CPU
		{45C2422C-9C9E-4545-9C79-F28946579F79}.Debug|Any CPU.ActiveCfg = Debug|Any CPU
		{45C2422C-9C9E-4545-9C79-F28946579F79}.Debug|Any CPU.Build.0 = Debug|Any CPU
		{45C2422C-9C9E-4545-9C79-F28946579F79}.Release|Any CPU.ActiveCfg = Release|Any CPU
		{45C2422C-9C9E-4545-9C79-F28946579F79}.Release|Any CPU.Build.0 = Release|Any CPU
	EndGlobalSection
	GlobalSection(SolutionProperties) = preSolution
		HideSolutionNode = FALSE
	EndGlobalSection
	GlobalSection(ExtensibilityGlobals) = postSolution
		SolutionGuid = {86734C02-3942-4315-A77E-96A5501E21F0}
	EndGlobalSection
EndGlobal
