
Microsoft Visual Studio Solution File, Format Version 12.00
# Visual Studio Version 17
VisualStudioVersion = 17.10.35027.167
MinimumVisualStudioVersion = 10.0.40219.1
Project("{9A19103F-16F7-4668-BE54-9A1E7A4F7556}") = "JobFinalizer", "JobFinalizer.csproj", "{D6DC947C-D41D-4DB5-A712-5CDF8DA827A0}"
EndProject
Project("{9A19103F-16F7-4668-BE54-9A1E7A4F7556}") = "Hosts.FunctionBase", "..\..\..\Hosts.FunctionBase\Hosts.FunctionBase.csproj", "{A54477AB-BD0E-492F-91F1-C70EB4FEDB11}"
EndProject
Project("{9A19103F-16F7-4668-BE54-9A1E7A4F7556}") = "JobFinalizerService", "..\Services\JobFinalizerService.csproj", "{B84FE7BA-3798-4287-8356-6FAD64166217}"
EndProject
Project("{9A19103F-16F7-4668-BE54-9A1E7A4F7556}") = "Services.Contracts", "..\Services.Contracts\Services.Contracts.csproj", "{9D98B058-0BF5-40C3-86FD-075E1A2E38BB}"
EndProject
Project("{9A19103F-16F7-4668-BE54-9A1E7A4F7556}") = "Repositories.Contracts", "..\..\..\Repositories.Contracts\Repositories.Contracts.csproj", "{DC27F5A3-305C-4B89-B339-5058490DC870}"
EndProject
Project("{9A19103F-16F7-4668-BE54-9A1E7A4F7556}") = "Models", "..\..\..\Models\Models.csproj", "{F7C85A82-C663-4E0A-9016-693DE824A0E7}"
EndProject
Global
	GlobalSection(SolutionConfigurationPlatforms) = preSolution
		Debug|Any CPU = Debug|Any CPU
		Release|Any CPU = Release|Any CPU
	EndGlobalSection
	GlobalSection(ProjectConfigurationPlatforms) = postSolution
		{D6DC947C-D41D-4DB5-A712-5CDF8DA827A0}.Debug|Any CPU.ActiveCfg = Debug|Any CPU
		{D6DC947C-D41D-4DB5-A712-5CDF8DA827A0}.Debug|Any CPU.Build.0 = Debug|Any CPU
		{D6DC947C-D41D-4DB5-A712-5CDF8DA827A0}.Release|Any CPU.ActiveCfg = Release|Any CPU
		{D6DC947C-D41D-4DB5-A712-5CDF8DA827A0}.Release|Any CPU.Build.0 = Release|Any CPU
		{A54477AB-BD0E-492F-91F1-C70EB4FEDB11}.Debug|Any CPU.ActiveCfg = Debug|Any CPU
		{A54477AB-BD0E-492F-91F1-C70EB4FEDB11}.Debug|Any CPU.Build.0 = Debug|Any CPU
		{A54477AB-BD0E-492F-91F1-C70EB4FEDB11}.Release|Any CPU.ActiveCfg = Release|Any CPU
		{A54477AB-BD0E-492F-91F1-C70EB4FEDB11}.Release|Any CPU.Build.0 = Release|Any CPU
		{B84FE7BA-3798-4287-8356-6FAD64166217}.Debug|Any CPU.ActiveCfg = Debug|Any CPU
		{B84FE7BA-3798-4287-8356-6FAD64166217}.Debug|Any CPU.Build.0 = Debug|Any CPU
		{B84FE7BA-3798-4287-8356-6FAD64166217}.Release|Any CPU.ActiveCfg = Release|Any CPU
		{B84FE7BA-3798-4287-8356-6FAD64166217}.Release|Any CPU.Build.0 = Release|Any CPU
		{9D98B058-0BF5-40C3-86FD-075E1A2E38BB}.Debug|Any CPU.ActiveCfg = Debug|Any CPU
		{9D98B058-0BF5-40C3-86FD-075E1A2E38BB}.Debug|Any CPU.Build.0 = Debug|Any CPU
		{9D98B058-0BF5-40C3-86FD-075E1A2E38BB}.Release|Any CPU.ActiveCfg = Release|Any CPU
		{9D98B058-0BF5-40C3-86FD-075E1A2E38BB}.Release|Any CPU.Build.0 = Release|Any CPU
		{DC27F5A3-305C-4B89-B339-5058490DC870}.Debug|Any CPU.ActiveCfg = Debug|Any CPU
		{DC27F5A3-305C-4B89-B339-5058490DC870}.Debug|Any CPU.Build.0 = Debug|Any CPU
		{DC27F5A3-305C-4B89-B339-5058490DC870}.Release|Any CPU.ActiveCfg = Release|Any CPU
		{DC27F5A3-305C-4B89-B339-5058490DC870}.Release|Any CPU.Build.0 = Release|Any CPU
		{F7C85A82-C663-4E0A-9016-693DE824A0E7}.Debug|Any CPU.ActiveCfg = Debug|Any CPU
		{F7C85A82-C663-4E0A-9016-693DE824A0E7}.Debug|Any CPU.Build.0 = Debug|Any CPU
		{F7C85A82-C663-4E0A-9016-693DE824A0E7}.Release|Any CPU.ActiveCfg = Release|Any CPU
		{F7C85A82-C663-4E0A-9016-693DE824A0E7}.Release|Any CPU.Build.0 = Release|Any CPU
	EndGlobalSection
	GlobalSection(SolutionProperties) = preSolution
		HideSolutionNode = FALSE
	EndGlobalSection
	GlobalSection(ExtensibilityGlobals) = postSolution
		SolutionGuid = {33D020E5-59C2-43D3-A4A8-0CE0EBF46921}
	EndGlobalSection
EndGlobal
